// !$*UTF8*$!
{
	archiveVersion = 1;
	classes = {
	};
	objectVersion = 46;
	objects = {

/* Begin PBXBuildFile section */
		7935AE7717CD81FA0040632B /* CoreWLAN.framework in Frameworks */ = {isa = PBXBuildFile; fileRef = 7935AE7617CD81FA0040632B /* CoreWLAN.framework */; };
		797D096717253898007A9D9A /* Cocoa.framework in Frameworks */ = {isa = PBXBuildFile; fileRef = 797D096617253898007A9D9A /* Cocoa.framework */; };
		797D097317253898007A9D9A /* main.m in Sources */ = {isa = PBXBuildFile; fileRef = 797D097217253898007A9D9A /* main.m */; };
		797D0A2317253961007A9D9A /* TAAppDelegate.m in Sources */ = {isa = PBXBuildFile; fileRef = 797D098617253960007A9D9A /* TAAppDelegate.m */; };
		797D0A581725397A007A9D9A /* InfoPlist.strings in Resources */ = {isa = PBXBuildFile; fileRef = 797D0A5A1725397A007A9D9A /* InfoPlist.strings */; };
		797D0A5B17253989007A9D9A /* Credits.rtf in Resources */ = {isa = PBXBuildFile; fileRef = 797D0A5D17253989007A9D9A /* Credits.rtf */; };
		797D0A5F1725426E007A9D9A /* SystemConfiguration.framework in Frameworks */ = {isa = PBXBuildFile; fileRef = 797D0A5E1725426D007A9D9A /* SystemConfiguration.framework */; };
		797D0A611725428D007A9D9A /* libz.1.2.5.dylib in Frameworks */ = {isa = PBXBuildFile; fileRef = 797D0A601725428D007A9D9A /* libz.1.2.5.dylib */; };
		797D0A631725431B007A9D9A /* TAMainMenu.xib in Resources */ = {isa = PBXBuildFile; fileRef = 797D0A621725431B007A9D9A /* TAMainMenu.xib */; };
		79E287B4197D9FD200A122AD /* PNObservationCenter.m in Sources */ = {isa = PBXBuildFile; fileRef = 79E286C4197D9FD100A122AD /* PNObservationCenter.m */; };
		79E287B5197D9FD200A122AD /* PubNub.m in Sources */ = {isa = PBXBuildFile; fileRef = 79E286C7197D9FD100A122AD /* PubNub.m */; };
		79E287B6197D9FD200A122AD /* PNWriteBuffer.m in Sources */ = {isa = PBXBuildFile; fileRef = 79E286CB197D9FD100A122AD /* PNWriteBuffer.m */; };
		79E287B7197D9FD200A122AD /* PNSynchronizationChannel.m in Sources */ = {isa = PBXBuildFile; fileRef = 79E286D0197D9FD100A122AD /* PNSynchronizationChannel.m */; };
		79E287B8197D9FD200A122AD /* PNChannel.m in Sources */ = {isa = PBXBuildFile; fileRef = 79E286D3197D9FD100A122AD /* PNChannel.m */; };
		79E287B9197D9FD200A122AD /* PNChannelPresence.m in Sources */ = {isa = PBXBuildFile; fileRef = 79E286D7197D9FD100A122AD /* PNChannelPresence.m */; };
		79E287BA197D9FD200A122AD /* PNPresenceEvent.m in Sources */ = {isa = PBXBuildFile; fileRef = 79E286DA197D9FD100A122AD /* PNPresenceEvent.m */; };
		79E287BB197D9FD200A122AD /* PNCryptoHelper.m in Sources */ = {isa = PBXBuildFile; fileRef = 79E286DD197D9FD100A122AD /* PNCryptoHelper.m */; };
		79E287BC197D9FD200A122AD /* PNAccessRightsResponseParser.m in Sources */ = {isa = PBXBuildFile; fileRef = 79E286E1197D9FD100A122AD /* PNAccessRightsResponseParser.m */; };
		79E287BD197D9FD200A122AD /* PNActionResponseParser.m in Sources */ = {isa = PBXBuildFile; fileRef = 79E286E4197D9FD100A122AD /* PNActionResponseParser.m */; };
		79E287BE197D9FD200A122AD /* PNChannelEventsResponseParser.m in Sources */ = {isa = PBXBuildFile; fileRef = 79E286E6197D9FD100A122AD /* PNChannelEventsResponseParser.m */; };
		79E287BF197D9FD200A122AD /* PNChannelHistoryParser.m in Sources */ = {isa = PBXBuildFile; fileRef = 79E286E9197D9FD100A122AD /* PNChannelHistoryParser.m */; };
		79E287C0197D9FD200A122AD /* PNClientStateResponseParser.m in Sources */ = {isa = PBXBuildFile; fileRef = 79E286EB197D9FD100A122AD /* PNClientStateResponseParser.m */; };
		79E287C1197D9FD200A122AD /* PNClientStateUpdateResponseParser.m in Sources */ = {isa = PBXBuildFile; fileRef = 79E286ED197D9FD100A122AD /* PNClientStateUpdateResponseParser.m */; };
		79E287C2197D9FD200A122AD /* PNErrorResponseParser.m in Sources */ = {isa = PBXBuildFile; fileRef = 79E286F0197D9FD100A122AD /* PNErrorResponseParser.m */; };
		79E287C3197D9FD200A122AD /* PNHereNowResponseParser.m in Sources */ = {isa = PBXBuildFile; fileRef = 79E286F3197D9FD100A122AD /* PNHereNowResponseParser.m */; };
		79E287C4197D9FD200A122AD /* PNObjectFetchResponseParser.m in Sources */ = {isa = PBXBuildFile; fileRef = 79E286F5197D9FD100A122AD /* PNObjectFetchResponseParser.m */; };
		79E287C5197D9FD200A122AD /* PNObjectModificationParser.m in Sources */ = {isa = PBXBuildFile; fileRef = 79E286F7197D9FD100A122AD /* PNObjectModificationParser.m */; };
		79E287C6197D9FD200A122AD /* PNOperationStatusResponseParser.m in Sources */ = {isa = PBXBuildFile; fileRef = 79E286F9197D9FD100A122AD /* PNOperationStatusResponseParser.m */; };
		79E287C7197D9FD200A122AD /* PNPushNotificationsEnabledChannelsParser.m in Sources */ = {isa = PBXBuildFile; fileRef = 79E286FB197D9FD100A122AD /* PNPushNotificationsEnabledChannelsParser.m */; };
		79E287C8197D9FD200A122AD /* PNResponseDeserialize.m in Sources */ = {isa = PBXBuildFile; fileRef = 79E286FD197D9FD100A122AD /* PNResponseDeserialize.m */; };
		79E287C9197D9FD200A122AD /* PNResponseParser.m in Sources */ = {isa = PBXBuildFile; fileRef = 79E286FF197D9FD100A122AD /* PNResponseParser.m */; };
		79E287CA197D9FD200A122AD /* PNTimeTokenResponseParser.m in Sources */ = {isa = PBXBuildFile; fileRef = 79E28701197D9FD100A122AD /* PNTimeTokenResponseParser.m */; };
		79E287CB197D9FD200A122AD /* PNWhereNowResponseParser.m in Sources */ = {isa = PBXBuildFile; fileRef = 79E28704197D9FD100A122AD /* PNWhereNowResponseParser.m */; };
		79E287CC197D9FD200A122AD /* PNAccessRightOptions.m in Sources */ = {isa = PBXBuildFile; fileRef = 79E28707197D9FD100A122AD /* PNAccessRightOptions.m */; };
		79E287CD197D9FD200A122AD /* PNAccessRightsCollection.m in Sources */ = {isa = PBXBuildFile; fileRef = 79E2870A197D9FD100A122AD /* PNAccessRightsCollection.m */; };
		79E287CE197D9FD200A122AD /* PNAccessRightsInformation.m in Sources */ = {isa = PBXBuildFile; fileRef = 79E2870D197D9FD100A122AD /* PNAccessRightsInformation.m */; };
		79E287CF197D9FD200A122AD /* PNCache.m in Sources */ = {isa = PBXBuildFile; fileRef = 79E2870F197D9FD100A122AD /* PNCache.m */; };
		79E287D0197D9FD200A122AD /* PNChannelEvents.m in Sources */ = {isa = PBXBuildFile; fileRef = 79E28712197D9FD100A122AD /* PNChannelEvents.m */; };
		79E287D1197D9FD200A122AD /* PNClient.m in Sources */ = {isa = PBXBuildFile; fileRef = 79E28715197D9FD100A122AD /* PNClient.m */; };
		79E287D2197D9FD200A122AD /* PNConfiguration.m in Sources */ = {isa = PBXBuildFile; fileRef = 79E28718197D9FD100A122AD /* PNConfiguration.m */; };
		79E287D3197D9FD200A122AD /* PNDate.m in Sources */ = {isa = PBXBuildFile; fileRef = 79E2871A197D9FD100A122AD /* PNDate.m */; };
		79E287D4197D9FD200A122AD /* PNError.m in Sources */ = {isa = PBXBuildFile; fileRef = 79E2871D197D9FD100A122AD /* PNError.m */; };
		79E287D5197D9FD200A122AD /* PNHereNow.m in Sources */ = {isa = PBXBuildFile; fileRef = 79E28720197D9FD100A122AD /* PNHereNow.m */; };
		79E287D6197D9FD200A122AD /* PNJSONSerialization.m in Sources */ = {isa = PBXBuildFile; fileRef = 79E28722197D9FD100A122AD /* PNJSONSerialization.m */; };
		79E287D7197D9FD200A122AD /* PNMessage.m in Sources */ = {isa = PBXBuildFile; fileRef = 79E28725197D9FD100A122AD /* PNMessage.m */; };
		79E287D8197D9FD200A122AD /* PNMessagesHistory.m in Sources */ = {isa = PBXBuildFile; fileRef = 79E28728197D9FD100A122AD /* PNMessagesHistory.m */; };
		79E287D9197D9FD200A122AD /* PNObject.m in Sources */ = {isa = PBXBuildFile; fileRef = 79E2872B197D9FD100A122AD /* PNObject.m */; };
		79E287DA197D9FD200A122AD /* PNObjectAccessRightOptions.m in Sources */ = {isa = PBXBuildFile; fileRef = 79E2872E197D9FD100A122AD /* PNObjectAccessRightOptions.m */; };
		79E287DB197D9FD200A122AD /* PNObjectAccessRightsCollection.m in Sources */ = {isa = PBXBuildFile; fileRef = 79E28731197D9FD100A122AD /* PNObjectAccessRightsCollection.m */; };
		79E287DC197D9FD200A122AD /* PNObjectAccessRightsInformation.m in Sources */ = {isa = PBXBuildFile; fileRef = 79E28734197D9FD100A122AD /* PNObjectAccessRightsInformation.m */; };
		79E287DD197D9FD200A122AD /* PNObjectFetchInformation.m in Sources */ = {isa = PBXBuildFile; fileRef = 79E28737197D9FD100A122AD /* PNObjectFetchInformation.m */; };
		79E287DE197D9FD200A122AD /* PNObjectModificationInformation.m in Sources */ = {isa = PBXBuildFile; fileRef = 79E2873A197D9FD100A122AD /* PNObjectModificationInformation.m */; };
		79E287DF197D9FD200A122AD /* PNObjectSynchronizationEvent.m in Sources */ = {isa = PBXBuildFile; fileRef = 79E2873D197D9FD100A122AD /* PNObjectSynchronizationEvent.m */; };
		79E287E0197D9FD200A122AD /* PNOperationStatus.m in Sources */ = {isa = PBXBuildFile; fileRef = 79E28740197D9FD100A122AD /* PNOperationStatus.m */; };
		79E287E1197D9FD200A122AD /* PNRequestsQueue.m in Sources */ = {isa = PBXBuildFile; fileRef = 79E28742197D9FD100A122AD /* PNRequestsQueue.m */; };
		79E287E2197D9FD200A122AD /* PNResponse.m in Sources */ = {isa = PBXBuildFile; fileRef = 79E28745197D9FD100A122AD /* PNResponse.m */; };
		79E287E3197D9FD200A122AD /* PNWhereNow.m in Sources */ = {isa = PBXBuildFile; fileRef = 79E28748197D9FD100A122AD /* PNWhereNow.m */; };
		79E287E4197D9FD200A122AD /* NSArray+PNAdditions.m in Sources */ = {isa = PBXBuildFile; fileRef = 79E2874C197D9FD100A122AD /* NSArray+PNAdditions.m */; };
		79E287E5197D9FD200A122AD /* NSData+PNAdditions.m in Sources */ = {isa = PBXBuildFile; fileRef = 79E2874E197D9FD100A122AD /* NSData+PNAdditions.m */; };
		79E287E6197D9FD200A122AD /* NSDate+PNAdditions.m in Sources */ = {isa = PBXBuildFile; fileRef = 79E28750197D9FD100A122AD /* NSDate+PNAdditions.m */; };
		79E287E7197D9FD200A122AD /* NSDictionary+PNAdditions.m in Sources */ = {isa = PBXBuildFile; fileRef = 79E28752197D9FD100A122AD /* NSDictionary+PNAdditions.m */; };
		79E287E8197D9FD200A122AD /* NSInvocation+PNAdditions.m in Sources */ = {isa = PBXBuildFile; fileRef = 79E28754197D9FD100A122AD /* NSInvocation+PNAdditions.m */; };
		79E287E9197D9FD200A122AD /* NSMutableArray+PNAdditions.m in Sources */ = {isa = PBXBuildFile; fileRef = 79E28756197D9FD100A122AD /* NSMutableArray+PNAdditions.m */; };
		79E287EA197D9FD200A122AD /* NSMutableDictionary+PNAdditions.m in Sources */ = {isa = PBXBuildFile; fileRef = 79E28758197D9FD100A122AD /* NSMutableDictionary+PNAdditions.m */; };
		79E287EB197D9FD200A122AD /* NSString+PNAddition.m in Sources */ = {isa = PBXBuildFile; fileRef = 79E2875A197D9FD100A122AD /* NSString+PNAddition.m */; };
		79E287EC197D9FD200A122AD /* UIApplication+PNAdditions.m in Sources */ = {isa = PBXBuildFile; fileRef = 79E2875C197D9FD100A122AD /* UIApplication+PNAdditions.m */; };
		79E287ED197D9FD200A122AD /* PNHelper.m in Sources */ = {isa = PBXBuildFile; fileRef = 79E28761197D9FD100A122AD /* PNHelper.m */; };
		79E287EE197D9FD200A122AD /* PNLogger.m in Sources */ = {isa = PBXBuildFile; fileRef = 79E28764197D9FD100A122AD /* PNLogger.m */; };
		79E287EF197D9FD200A122AD /* PNAccessRightsAuditRequest.m in Sources */ = {isa = PBXBuildFile; fileRef = 79E28776197D9FD100A122AD /* PNAccessRightsAuditRequest.m */; };
		79E287F0197D9FD200A122AD /* PNBaseRequest.m in Sources */ = {isa = PBXBuildFile; fileRef = 79E28779197D9FD100A122AD /* PNBaseRequest.m */; };
		79E287F1197D9FD200A122AD /* PNChangeAccessRightsRequest.m in Sources */ = {isa = PBXBuildFile; fileRef = 79E2877B197D9FD100A122AD /* PNChangeAccessRightsRequest.m */; };
		79E287F2197D9FD200A122AD /* PNClientStateRequest.m in Sources */ = {isa = PBXBuildFile; fileRef = 79E2877E197D9FD100A122AD /* PNClientStateRequest.m */; };
		79E287F3197D9FD200A122AD /* PNClientStateUpdateRequest.m in Sources */ = {isa = PBXBuildFile; fileRef = 79E28781197D9FD100A122AD /* PNClientStateUpdateRequest.m */; };
		79E287F4197D9FD200A122AD /* PNHeartbeatRequest.m in Sources */ = {isa = PBXBuildFile; fileRef = 79E28783197D9FD100A122AD /* PNHeartbeatRequest.m */; };
		79E287F5197D9FD200A122AD /* PNHereNowRequest.m in Sources */ = {isa = PBXBuildFile; fileRef = 79E28786197D9FD100A122AD /* PNHereNowRequest.m */; };
		79E287F6197D9FD200A122AD /* PNLatencyMeasureRequest.m in Sources */ = {isa = PBXBuildFile; fileRef = 79E28788197D9FD100A122AD /* PNLatencyMeasureRequest.m */; };
		79E287F7197D9FD200A122AD /* PNLeaveRequest.m in Sources */ = {isa = PBXBuildFile; fileRef = 79E2878B197D9FD100A122AD /* PNLeaveRequest.m */; };
		79E287F8197D9FD200A122AD /* PNMessageHistoryRequest.m in Sources */ = {isa = PBXBuildFile; fileRef = 79E2878E197D9FD100A122AD /* PNMessageHistoryRequest.m */; };
		79E287F9197D9FD200A122AD /* PNMessagePostRequest.m in Sources */ = {isa = PBXBuildFile; fileRef = 79E28791197D9FD100A122AD /* PNMessagePostRequest.m */; };
		79E287FA197D9FD200A122AD /* PNObjectFetchRequest.m in Sources */ = {isa = PBXBuildFile; fileRef = 79E28794197D9FD100A122AD /* PNObjectFetchRequest.m */; };
		79E287FB197D9FD200A122AD /* PNObjectModificationRequest.m in Sources */ = {isa = PBXBuildFile; fileRef = 79E28797197D9FD100A122AD /* PNObjectModificationRequest.m */; };
		79E287FC197D9FD200A122AD /* PNPushNotificationsEnabledChannelsRequest.m in Sources */ = {isa = PBXBuildFile; fileRef = 79E28799197D9FD100A122AD /* PNPushNotificationsEnabledChannelsRequest.m */; };
		79E287FD197D9FD200A122AD /* PNPushNotificationsRemoveRequest.m in Sources */ = {isa = PBXBuildFile; fileRef = 79E2879B197D9FD100A122AD /* PNPushNotificationsRemoveRequest.m */; };
		79E287FE197D9FD200A122AD /* PNPushNotificationsStateChangeRequest.m in Sources */ = {isa = PBXBuildFile; fileRef = 79E2879D197D9FD100A122AD /* PNPushNotificationsStateChangeRequest.m */; };
		79E287FF197D9FD200A122AD /* PNSubscribeRequest.m in Sources */ = {isa = PBXBuildFile; fileRef = 79E287A0197D9FD100A122AD /* PNSubscribeRequest.m */; };
		79E28800197D9FD200A122AD /* PNTimeTokenRequest.m in Sources */ = {isa = PBXBuildFile; fileRef = 79E287A2197D9FD200A122AD /* PNTimeTokenRequest.m */; };
		79E28801197D9FD200A122AD /* PNWhereNowRequest.m in Sources */ = {isa = PBXBuildFile; fileRef = 79E287A4197D9FD200A122AD /* PNWhereNowRequest.m */; };
		79E28802197D9FD200A122AD /* PNMessagingChannel.m in Sources */ = {isa = PBXBuildFile; fileRef = 79E287A6197D9FD200A122AD /* PNMessagingChannel.m */; };
		79E28803197D9FD200A122AD /* PNNetworkHelper.m in Sources */ = {isa = PBXBuildFile; fileRef = 79E287A8197D9FD200A122AD /* PNNetworkHelper.m */; };
		79E28804197D9FD200A122AD /* PNReachability.m in Sources */ = {isa = PBXBuildFile; fileRef = 79E287AA197D9FD200A122AD /* PNReachability.m */; };
		79E28805197D9FD200A122AD /* PNServiceChannel.m in Sources */ = {isa = PBXBuildFile; fileRef = 79E287AC197D9FD200A122AD /* PNServiceChannel.m */; };
		79E28806197D9FD200A122AD /* PNConnection.m in Sources */ = {isa = PBXBuildFile; fileRef = 79E287B0197D9FD200A122AD /* PNConnection.m */; };
		79E28807197D9FD200A122AD /* PNConnectionChannel.m in Sources */ = {isa = PBXBuildFile; fileRef = 79E287B3197D9FD200A122AD /* PNConnectionChannel.m */; };
/* End PBXBuildFile section */

/* Begin PBXFileReference section */
		7935AE7617CD81FA0040632B /* CoreWLAN.framework */ = {isa = PBXFileReference; lastKnownFileType = wrapper.framework; name = CoreWLAN.framework; path = System/Library/Frameworks/CoreWLAN.framework; sourceTree = SDKROOT; };
		797D096317253898007A9D9A /* PubNubMacOSTestApplication.app */ = {isa = PBXFileReference; explicitFileType = wrapper.application; includeInIndex = 0; path = PubNubMacOSTestApplication.app; sourceTree = BUILT_PRODUCTS_DIR; };
		797D096617253898007A9D9A /* Cocoa.framework */ = {isa = PBXFileReference; lastKnownFileType = wrapper.framework; name = Cocoa.framework; path = System/Library/Frameworks/Cocoa.framework; sourceTree = SDKROOT; };
		797D096917253898007A9D9A /* AppKit.framework */ = {isa = PBXFileReference; lastKnownFileType = wrapper.framework; name = AppKit.framework; path = System/Library/Frameworks/AppKit.framework; sourceTree = SDKROOT; };
		797D096A17253898007A9D9A /* CoreData.framework */ = {isa = PBXFileReference; lastKnownFileType = wrapper.framework; name = CoreData.framework; path = System/Library/Frameworks/CoreData.framework; sourceTree = SDKROOT; };
		797D096B17253898007A9D9A /* Foundation.framework */ = {isa = PBXFileReference; lastKnownFileType = wrapper.framework; name = Foundation.framework; path = System/Library/Frameworks/Foundation.framework; sourceTree = SDKROOT; };
		797D097217253898007A9D9A /* main.m */ = {isa = PBXFileReference; lastKnownFileType = sourcecode.c.objc; path = main.m; sourceTree = "<group>"; };
		797D097417253898007A9D9A /* PubNubMacOSTestApplication-Prefix.pch */ = {isa = PBXFileReference; lastKnownFileType = sourcecode.c.h; path = "PubNubMacOSTestApplication-Prefix.pch"; sourceTree = "<group>"; };
		797D098517253960007A9D9A /* TAAppDelegate.h */ = {isa = PBXFileReference; fileEncoding = 4; lastKnownFileType = sourcecode.c.h; path = TAAppDelegate.h; sourceTree = "<group>"; };
		797D098617253960007A9D9A /* TAAppDelegate.m */ = {isa = PBXFileReference; fileEncoding = 4; lastKnownFileType = sourcecode.c.objc; path = TAAppDelegate.m; sourceTree = "<group>"; };
		797D0A2017253961007A9D9A /* PubNubMacOSTestApplication-Info.plist */ = {isa = PBXFileReference; fileEncoding = 4; lastKnownFileType = text.plist.xml; path = "PubNubMacOSTestApplication-Info.plist"; sourceTree = "<group>"; };
		797D0A591725397A007A9D9A /* en */ = {isa = PBXFileReference; lastKnownFileType = text.plist.strings; name = en; path = en.lproj/InfoPlist.strings; sourceTree = "<group>"; };
		797D0A5C17253989007A9D9A /* en */ = {isa = PBXFileReference; lastKnownFileType = text.rtf; name = en; path = en.lproj/Credits.rtf; sourceTree = "<group>"; };
		797D0A5E1725426D007A9D9A /* SystemConfiguration.framework */ = {isa = PBXFileReference; lastKnownFileType = wrapper.framework; name = SystemConfiguration.framework; path = System/Library/Frameworks/SystemConfiguration.framework; sourceTree = SDKROOT; };
		797D0A601725428D007A9D9A /* libz.1.2.5.dylib */ = {isa = PBXFileReference; lastKnownFileType = "compiled.mach-o.dylib"; name = libz.1.2.5.dylib; path = usr/lib/libz.1.2.5.dylib; sourceTree = SDKROOT; };
		797D0A621725431B007A9D9A /* TAMainMenu.xib */ = {isa = PBXFileReference; fileEncoding = 4; lastKnownFileType = file.xib; path = TAMainMenu.xib; sourceTree = "<group>"; };
		79E286C2197D9FD100A122AD /* PNObservationCenter+Protected.h */ = {isa = PBXFileReference; fileEncoding = 4; lastKnownFileType = sourcecode.c.h; path = "PNObservationCenter+Protected.h"; sourceTree = "<group>"; };
		79E286C3197D9FD100A122AD /* PNObservationCenter.h */ = {isa = PBXFileReference; fileEncoding = 4; lastKnownFileType = sourcecode.c.h; path = PNObservationCenter.h; sourceTree = "<group>"; };
		79E286C4197D9FD100A122AD /* PNObservationCenter.m */ = {isa = PBXFileReference; fileEncoding = 4; lastKnownFileType = sourcecode.c.objc; path = PNObservationCenter.m; sourceTree = "<group>"; };
		79E286C5197D9FD100A122AD /* PubNub+Protected.h */ = {isa = PBXFileReference; fileEncoding = 4; lastKnownFileType = sourcecode.c.h; path = "PubNub+Protected.h"; sourceTree = "<group>"; };
		79E286C6197D9FD100A122AD /* PubNub.h */ = {isa = PBXFileReference; fileEncoding = 4; lastKnownFileType = sourcecode.c.h; path = PubNub.h; sourceTree = "<group>"; };
		79E286C7197D9FD100A122AD /* PubNub.m */ = {isa = PBXFileReference; fileEncoding = 4; lastKnownFileType = sourcecode.c.objc; path = PubNub.m; sourceTree = "<group>"; };
		79E286CA197D9FD100A122AD /* PNWriteBuffer.h */ = {isa = PBXFileReference; fileEncoding = 4; lastKnownFileType = sourcecode.c.h; path = PNWriteBuffer.h; sourceTree = "<group>"; };
		79E286CB197D9FD100A122AD /* PNWriteBuffer.m */ = {isa = PBXFileReference; fileEncoding = 4; lastKnownFileType = sourcecode.c.objc; path = PNWriteBuffer.m; sourceTree = "<group>"; };
		79E286CE197D9FD100A122AD /* PNSynchronizationChannel+Protected.h */ = {isa = PBXFileReference; fileEncoding = 4; lastKnownFileType = sourcecode.c.h; path = "PNSynchronizationChannel+Protected.h"; sourceTree = "<group>"; };
		79E286CF197D9FD100A122AD /* PNSynchronizationChannel.h */ = {isa = PBXFileReference; fileEncoding = 4; lastKnownFileType = sourcecode.c.h; path = PNSynchronizationChannel.h; sourceTree = "<group>"; };
		79E286D0197D9FD100A122AD /* PNSynchronizationChannel.m */ = {isa = PBXFileReference; fileEncoding = 4; lastKnownFileType = sourcecode.c.objc; path = PNSynchronizationChannel.m; sourceTree = "<group>"; };
		79E286D1197D9FD100A122AD /* PNChannel+Protected.h */ = {isa = PBXFileReference; fileEncoding = 4; lastKnownFileType = sourcecode.c.h; path = "PNChannel+Protected.h"; sourceTree = "<group>"; };
		79E286D2197D9FD100A122AD /* PNChannel.h */ = {isa = PBXFileReference; fileEncoding = 4; lastKnownFileType = sourcecode.c.h; path = PNChannel.h; sourceTree = "<group>"; };
		79E286D3197D9FD100A122AD /* PNChannel.m */ = {isa = PBXFileReference; fileEncoding = 4; lastKnownFileType = sourcecode.c.objc; path = PNChannel.m; sourceTree = "<group>"; };
		79E286D5197D9FD100A122AD /* PNChannelPresence+Protected.h */ = {isa = PBXFileReference; fileEncoding = 4; lastKnownFileType = sourcecode.c.h; path = "PNChannelPresence+Protected.h"; sourceTree = "<group>"; };
		79E286D6197D9FD100A122AD /* PNChannelPresence.h */ = {isa = PBXFileReference; fileEncoding = 4; lastKnownFileType = sourcecode.c.h; path = PNChannelPresence.h; sourceTree = "<group>"; };
		79E286D7197D9FD100A122AD /* PNChannelPresence.m */ = {isa = PBXFileReference; fileEncoding = 4; lastKnownFileType = sourcecode.c.objc; path = PNChannelPresence.m; sourceTree = "<group>"; };
		79E286D8197D9FD100A122AD /* PNPresenceEvent+Protected.h */ = {isa = PBXFileReference; fileEncoding = 4; lastKnownFileType = sourcecode.c.h; path = "PNPresenceEvent+Protected.h"; sourceTree = "<group>"; };
		79E286D9197D9FD100A122AD /* PNPresenceEvent.h */ = {isa = PBXFileReference; fileEncoding = 4; lastKnownFileType = sourcecode.c.h; path = PNPresenceEvent.h; sourceTree = "<group>"; };
		79E286DA197D9FD100A122AD /* PNPresenceEvent.m */ = {isa = PBXFileReference; fileEncoding = 4; lastKnownFileType = sourcecode.c.objc; path = PNPresenceEvent.m; sourceTree = "<group>"; };
		79E286DC197D9FD100A122AD /* PNCryptoHelper.h */ = {isa = PBXFileReference; fileEncoding = 4; lastKnownFileType = sourcecode.c.h; path = PNCryptoHelper.h; sourceTree = "<group>"; };
		79E286DD197D9FD100A122AD /* PNCryptoHelper.m */ = {isa = PBXFileReference; fileEncoding = 4; lastKnownFileType = sourcecode.c.objc; path = PNCryptoHelper.m; sourceTree = "<group>"; };
		79E286DF197D9FD100A122AD /* PNAccessRightsResponseParser+Protected.h */ = {isa = PBXFileReference; fileEncoding = 4; lastKnownFileType = sourcecode.c.h; path = "PNAccessRightsResponseParser+Protected.h"; sourceTree = "<group>"; };
		79E286E0197D9FD100A122AD /* PNAccessRightsResponseParser.h */ = {isa = PBXFileReference; fileEncoding = 4; lastKnownFileType = sourcecode.c.h; path = PNAccessRightsResponseParser.h; sourceTree = "<group>"; };
		79E286E1197D9FD100A122AD /* PNAccessRightsResponseParser.m */ = {isa = PBXFileReference; fileEncoding = 4; lastKnownFileType = sourcecode.c.objc; path = PNAccessRightsResponseParser.m; sourceTree = "<group>"; };
		79E286E2197D9FD100A122AD /* PNActionResponseParser+Protected.h */ = {isa = PBXFileReference; fileEncoding = 4; lastKnownFileType = sourcecode.c.h; path = "PNActionResponseParser+Protected.h"; sourceTree = "<group>"; };
		79E286E3197D9FD100A122AD /* PNActionResponseParser.h */ = {isa = PBXFileReference; fileEncoding = 4; lastKnownFileType = sourcecode.c.h; path = PNActionResponseParser.h; sourceTree = "<group>"; };
		79E286E4197D9FD100A122AD /* PNActionResponseParser.m */ = {isa = PBXFileReference; fileEncoding = 4; lastKnownFileType = sourcecode.c.objc; path = PNActionResponseParser.m; sourceTree = "<group>"; };
		79E286E5197D9FD100A122AD /* PNChannelEventsResponseParser.h */ = {isa = PBXFileReference; fileEncoding = 4; lastKnownFileType = sourcecode.c.h; path = PNChannelEventsResponseParser.h; sourceTree = "<group>"; };
		79E286E6197D9FD100A122AD /* PNChannelEventsResponseParser.m */ = {isa = PBXFileReference; fileEncoding = 4; lastKnownFileType = sourcecode.c.objc; path = PNChannelEventsResponseParser.m; sourceTree = "<group>"; };
		79E286E7197D9FD100A122AD /* PNChannelHistoryParser+Protected.h */ = {isa = PBXFileReference; fileEncoding = 4; lastKnownFileType = sourcecode.c.h; path = "PNChannelHistoryParser+Protected.h"; sourceTree = "<group>"; };
		79E286E8197D9FD100A122AD /* PNChannelHistoryParser.h */ = {isa = PBXFileReference; fileEncoding = 4; lastKnownFileType = sourcecode.c.h; path = PNChannelHistoryParser.h; sourceTree = "<group>"; };
		79E286E9197D9FD100A122AD /* PNChannelHistoryParser.m */ = {isa = PBXFileReference; fileEncoding = 4; lastKnownFileType = sourcecode.c.objc; path = PNChannelHistoryParser.m; sourceTree = "<group>"; };
		79E286EA197D9FD100A122AD /* PNClientStateResponseParser.h */ = {isa = PBXFileReference; fileEncoding = 4; lastKnownFileType = sourcecode.c.h; path = PNClientStateResponseParser.h; sourceTree = "<group>"; };
		79E286EB197D9FD100A122AD /* PNClientStateResponseParser.m */ = {isa = PBXFileReference; fileEncoding = 4; lastKnownFileType = sourcecode.c.objc; path = PNClientStateResponseParser.m; sourceTree = "<group>"; };
		79E286EC197D9FD100A122AD /* PNClientStateUpdateResponseParser.h */ = {isa = PBXFileReference; fileEncoding = 4; lastKnownFileType = sourcecode.c.h; path = PNClientStateUpdateResponseParser.h; sourceTree = "<group>"; };
		79E286ED197D9FD100A122AD /* PNClientStateUpdateResponseParser.m */ = {isa = PBXFileReference; fileEncoding = 4; lastKnownFileType = sourcecode.c.objc; path = PNClientStateUpdateResponseParser.m; sourceTree = "<group>"; };
		79E286EE197D9FD100A122AD /* PNErrorResponseParser+Protected.h */ = {isa = PBXFileReference; fileEncoding = 4; lastKnownFileType = sourcecode.c.h; path = "PNErrorResponseParser+Protected.h"; sourceTree = "<group>"; };
		79E286EF197D9FD100A122AD /* PNErrorResponseParser.h */ = {isa = PBXFileReference; fileEncoding = 4; lastKnownFileType = sourcecode.c.h; path = PNErrorResponseParser.h; sourceTree = "<group>"; };
		79E286F0197D9FD100A122AD /* PNErrorResponseParser.m */ = {isa = PBXFileReference; fileEncoding = 4; lastKnownFileType = sourcecode.c.objc; path = PNErrorResponseParser.m; sourceTree = "<group>"; };
		79E286F1197D9FD100A122AD /* PNHereNowResponseParser+Protected.h */ = {isa = PBXFileReference; fileEncoding = 4; lastKnownFileType = sourcecode.c.h; path = "PNHereNowResponseParser+Protected.h"; sourceTree = "<group>"; };
		79E286F2197D9FD100A122AD /* PNHereNowResponseParser.h */ = {isa = PBXFileReference; fileEncoding = 4; lastKnownFileType = sourcecode.c.h; path = PNHereNowResponseParser.h; sourceTree = "<group>"; };
		79E286F3197D9FD100A122AD /* PNHereNowResponseParser.m */ = {isa = PBXFileReference; fileEncoding = 4; lastKnownFileType = sourcecode.c.objc; path = PNHereNowResponseParser.m; sourceTree = "<group>"; };
		79E286F4197D9FD100A122AD /* PNObjectFetchResponseParser.h */ = {isa = PBXFileReference; fileEncoding = 4; lastKnownFileType = sourcecode.c.h; path = PNObjectFetchResponseParser.h; sourceTree = "<group>"; };
		79E286F5197D9FD100A122AD /* PNObjectFetchResponseParser.m */ = {isa = PBXFileReference; fileEncoding = 4; lastKnownFileType = sourcecode.c.objc; path = PNObjectFetchResponseParser.m; sourceTree = "<group>"; };
		79E286F6197D9FD100A122AD /* PNObjectModificationParser.h */ = {isa = PBXFileReference; fileEncoding = 4; lastKnownFileType = sourcecode.c.h; path = PNObjectModificationParser.h; sourceTree = "<group>"; };
		79E286F7197D9FD100A122AD /* PNObjectModificationParser.m */ = {isa = PBXFileReference; fileEncoding = 4; lastKnownFileType = sourcecode.c.objc; path = PNObjectModificationParser.m; sourceTree = "<group>"; };
		79E286F8197D9FD100A122AD /* PNOperationStatusResponseParser.h */ = {isa = PBXFileReference; fileEncoding = 4; lastKnownFileType = sourcecode.c.h; path = PNOperationStatusResponseParser.h; sourceTree = "<group>"; };
		79E286F9197D9FD100A122AD /* PNOperationStatusResponseParser.m */ = {isa = PBXFileReference; fileEncoding = 4; lastKnownFileType = sourcecode.c.objc; path = PNOperationStatusResponseParser.m; sourceTree = "<group>"; };
		79E286FA197D9FD100A122AD /* PNPushNotificationsEnabledChannelsParser.h */ = {isa = PBXFileReference; fileEncoding = 4; lastKnownFileType = sourcecode.c.h; path = PNPushNotificationsEnabledChannelsParser.h; sourceTree = "<group>"; };
		79E286FB197D9FD100A122AD /* PNPushNotificationsEnabledChannelsParser.m */ = {isa = PBXFileReference; fileEncoding = 4; lastKnownFileType = sourcecode.c.objc; path = PNPushNotificationsEnabledChannelsParser.m; sourceTree = "<group>"; };
		79E286FC197D9FD100A122AD /* PNResponseDeserialize.h */ = {isa = PBXFileReference; fileEncoding = 4; lastKnownFileType = sourcecode.c.h; path = PNResponseDeserialize.h; sourceTree = "<group>"; };
		79E286FD197D9FD100A122AD /* PNResponseDeserialize.m */ = {isa = PBXFileReference; fileEncoding = 4; lastKnownFileType = sourcecode.c.objc; path = PNResponseDeserialize.m; sourceTree = "<group>"; };
		79E286FE197D9FD100A122AD /* PNResponseParser.h */ = {isa = PBXFileReference; fileEncoding = 4; lastKnownFileType = sourcecode.c.h; path = PNResponseParser.h; sourceTree = "<group>"; };
		79E286FF197D9FD100A122AD /* PNResponseParser.m */ = {isa = PBXFileReference; fileEncoding = 4; lastKnownFileType = sourcecode.c.objc; path = PNResponseParser.m; sourceTree = "<group>"; };
		79E28700197D9FD100A122AD /* PNTimeTokenResponseParser.h */ = {isa = PBXFileReference; fileEncoding = 4; lastKnownFileType = sourcecode.c.h; path = PNTimeTokenResponseParser.h; sourceTree = "<group>"; };
		79E28701197D9FD100A122AD /* PNTimeTokenResponseParser.m */ = {isa = PBXFileReference; fileEncoding = 4; lastKnownFileType = sourcecode.c.objc; path = PNTimeTokenResponseParser.m; sourceTree = "<group>"; };
		79E28702197D9FD100A122AD /* PNWhereNowResponseParser+Protected.h */ = {isa = PBXFileReference; fileEncoding = 4; lastKnownFileType = sourcecode.c.h; path = "PNWhereNowResponseParser+Protected.h"; sourceTree = "<group>"; };
		79E28703197D9FD100A122AD /* PNWhereNowResponseParser.h */ = {isa = PBXFileReference; fileEncoding = 4; lastKnownFileType = sourcecode.c.h; path = PNWhereNowResponseParser.h; sourceTree = "<group>"; };
		79E28704197D9FD100A122AD /* PNWhereNowResponseParser.m */ = {isa = PBXFileReference; fileEncoding = 4; lastKnownFileType = sourcecode.c.objc; path = PNWhereNowResponseParser.m; sourceTree = "<group>"; };
		79E28705197D9FD100A122AD /* PNAccessRightOptions+Protected.h */ = {isa = PBXFileReference; fileEncoding = 4; lastKnownFileType = sourcecode.c.h; path = "PNAccessRightOptions+Protected.h"; sourceTree = "<group>"; };
		79E28706197D9FD100A122AD /* PNAccessRightOptions.h */ = {isa = PBXFileReference; fileEncoding = 4; lastKnownFileType = sourcecode.c.h; path = PNAccessRightOptions.h; sourceTree = "<group>"; };
		79E28707197D9FD100A122AD /* PNAccessRightOptions.m */ = {isa = PBXFileReference; fileEncoding = 4; lastKnownFileType = sourcecode.c.objc; path = PNAccessRightOptions.m; sourceTree = "<group>"; };
		79E28708197D9FD100A122AD /* PNAccessRightsCollection+Protected.h */ = {isa = PBXFileReference; fileEncoding = 4; lastKnownFileType = sourcecode.c.h; path = "PNAccessRightsCollection+Protected.h"; sourceTree = "<group>"; };
		79E28709197D9FD100A122AD /* PNAccessRightsCollection.h */ = {isa = PBXFileReference; fileEncoding = 4; lastKnownFileType = sourcecode.c.h; path = PNAccessRightsCollection.h; sourceTree = "<group>"; };
		79E2870A197D9FD100A122AD /* PNAccessRightsCollection.m */ = {isa = PBXFileReference; fileEncoding = 4; lastKnownFileType = sourcecode.c.objc; path = PNAccessRightsCollection.m; sourceTree = "<group>"; };
		79E2870B197D9FD100A122AD /* PNAccessRightsInformation+Protected.h */ = {isa = PBXFileReference; fileEncoding = 4; lastKnownFileType = sourcecode.c.h; path = "PNAccessRightsInformation+Protected.h"; sourceTree = "<group>"; };
		79E2870C197D9FD100A122AD /* PNAccessRightsInformation.h */ = {isa = PBXFileReference; fileEncoding = 4; lastKnownFileType = sourcecode.c.h; path = PNAccessRightsInformation.h; sourceTree = "<group>"; };
		79E2870D197D9FD100A122AD /* PNAccessRightsInformation.m */ = {isa = PBXFileReference; fileEncoding = 4; lastKnownFileType = sourcecode.c.objc; path = PNAccessRightsInformation.m; sourceTree = "<group>"; };
		79E2870E197D9FD100A122AD /* PNCache.h */ = {isa = PBXFileReference; fileEncoding = 4; lastKnownFileType = sourcecode.c.h; path = PNCache.h; sourceTree = "<group>"; };
		79E2870F197D9FD100A122AD /* PNCache.m */ = {isa = PBXFileReference; fileEncoding = 4; lastKnownFileType = sourcecode.c.objc; path = PNCache.m; sourceTree = "<group>"; };
		79E28710197D9FD100A122AD /* PNChannelEvents+Protected.h */ = {isa = PBXFileReference; fileEncoding = 4; lastKnownFileType = sourcecode.c.h; path = "PNChannelEvents+Protected.h"; sourceTree = "<group>"; };
		79E28711197D9FD100A122AD /* PNChannelEvents.h */ = {isa = PBXFileReference; fileEncoding = 4; lastKnownFileType = sourcecode.c.h; path = PNChannelEvents.h; sourceTree = "<group>"; };
		79E28712197D9FD100A122AD /* PNChannelEvents.m */ = {isa = PBXFileReference; fileEncoding = 4; lastKnownFileType = sourcecode.c.objc; path = PNChannelEvents.m; sourceTree = "<group>"; };
		79E28713197D9FD100A122AD /* PNClient+Protected.h */ = {isa = PBXFileReference; fileEncoding = 4; lastKnownFileType = sourcecode.c.h; path = "PNClient+Protected.h"; sourceTree = "<group>"; };
		79E28714197D9FD100A122AD /* PNClient.h */ = {isa = PBXFileReference; fileEncoding = 4; lastKnownFileType = sourcecode.c.h; path = PNClient.h; sourceTree = "<group>"; };
		79E28715197D9FD100A122AD /* PNClient.m */ = {isa = PBXFileReference; fileEncoding = 4; lastKnownFileType = sourcecode.c.objc; path = PNClient.m; sourceTree = "<group>"; };
		79E28716197D9FD100A122AD /* PNConfiguration+Protected.h */ = {isa = PBXFileReference; fileEncoding = 4; lastKnownFileType = sourcecode.c.h; path = "PNConfiguration+Protected.h"; sourceTree = "<group>"; };
		79E28717197D9FD100A122AD /* PNConfiguration.h */ = {isa = PBXFileReference; fileEncoding = 4; lastKnownFileType = sourcecode.c.h; path = PNConfiguration.h; sourceTree = "<group>"; };
		79E28718197D9FD100A122AD /* PNConfiguration.m */ = {isa = PBXFileReference; fileEncoding = 4; lastKnownFileType = sourcecode.c.objc; path = PNConfiguration.m; sourceTree = "<group>"; };
		79E28719197D9FD100A122AD /* PNDate.h */ = {isa = PBXFileReference; fileEncoding = 4; lastKnownFileType = sourcecode.c.h; path = PNDate.h; sourceTree = "<group>"; };
		79E2871A197D9FD100A122AD /* PNDate.m */ = {isa = PBXFileReference; fileEncoding = 4; lastKnownFileType = sourcecode.c.objc; path = PNDate.m; sourceTree = "<group>"; };
		79E2871B197D9FD100A122AD /* PNError+Protected.h */ = {isa = PBXFileReference; fileEncoding = 4; lastKnownFileType = sourcecode.c.h; path = "PNError+Protected.h"; sourceTree = "<group>"; };
		79E2871C197D9FD100A122AD /* PNError.h */ = {isa = PBXFileReference; fileEncoding = 4; lastKnownFileType = sourcecode.c.h; path = PNError.h; sourceTree = "<group>"; };
		79E2871D197D9FD100A122AD /* PNError.m */ = {isa = PBXFileReference; fileEncoding = 4; lastKnownFileType = sourcecode.c.objc; path = PNError.m; sourceTree = "<group>"; };
		79E2871E197D9FD100A122AD /* PNHereNow+Protected.h */ = {isa = PBXFileReference; fileEncoding = 4; lastKnownFileType = sourcecode.c.h; path = "PNHereNow+Protected.h"; sourceTree = "<group>"; };
		79E2871F197D9FD100A122AD /* PNHereNow.h */ = {isa = PBXFileReference; fileEncoding = 4; lastKnownFileType = sourcecode.c.h; path = PNHereNow.h; sourceTree = "<group>"; };
		79E28720197D9FD100A122AD /* PNHereNow.m */ = {isa = PBXFileReference; fileEncoding = 4; lastKnownFileType = sourcecode.c.objc; path = PNHereNow.m; sourceTree = "<group>"; };
		79E28721197D9FD100A122AD /* PNJSONSerialization.h */ = {isa = PBXFileReference; fileEncoding = 4; lastKnownFileType = sourcecode.c.h; path = PNJSONSerialization.h; sourceTree = "<group>"; };
		79E28722197D9FD100A122AD /* PNJSONSerialization.m */ = {isa = PBXFileReference; fileEncoding = 4; lastKnownFileType = sourcecode.c.objc; path = PNJSONSerialization.m; sourceTree = "<group>"; };
		79E28723197D9FD100A122AD /* PNMessage+Protected.h */ = {isa = PBXFileReference; fileEncoding = 4; lastKnownFileType = sourcecode.c.h; path = "PNMessage+Protected.h"; sourceTree = "<group>"; };
		79E28724197D9FD100A122AD /* PNMessage.h */ = {isa = PBXFileReference; fileEncoding = 4; lastKnownFileType = sourcecode.c.h; path = PNMessage.h; sourceTree = "<group>"; };
		79E28725197D9FD100A122AD /* PNMessage.m */ = {isa = PBXFileReference; fileEncoding = 4; lastKnownFileType = sourcecode.c.objc; path = PNMessage.m; sourceTree = "<group>"; };
		79E28726197D9FD100A122AD /* PNMessagesHistory+Protected.h */ = {isa = PBXFileReference; fileEncoding = 4; lastKnownFileType = sourcecode.c.h; path = "PNMessagesHistory+Protected.h"; sourceTree = "<group>"; };
		79E28727197D9FD100A122AD /* PNMessagesHistory.h */ = {isa = PBXFileReference; fileEncoding = 4; lastKnownFileType = sourcecode.c.h; path = PNMessagesHistory.h; sourceTree = "<group>"; };
		79E28728197D9FD100A122AD /* PNMessagesHistory.m */ = {isa = PBXFileReference; fileEncoding = 4; lastKnownFileType = sourcecode.c.objc; path = PNMessagesHistory.m; sourceTree = "<group>"; };
		79E28729197D9FD100A122AD /* PNObject+Protected.h */ = {isa = PBXFileReference; fileEncoding = 4; lastKnownFileType = sourcecode.c.h; path = "PNObject+Protected.h"; sourceTree = "<group>"; };
		79E2872A197D9FD100A122AD /* PNObject.h */ = {isa = PBXFileReference; fileEncoding = 4; lastKnownFileType = sourcecode.c.h; path = PNObject.h; sourceTree = "<group>"; };
		79E2872B197D9FD100A122AD /* PNObject.m */ = {isa = PBXFileReference; fileEncoding = 4; lastKnownFileType = sourcecode.c.objc; path = PNObject.m; sourceTree = "<group>"; };
		79E2872C197D9FD100A122AD /* PNObjectAccessRightOptions+Protected.h */ = {isa = PBXFileReference; fileEncoding = 4; lastKnownFileType = sourcecode.c.h; path = "PNObjectAccessRightOptions+Protected.h"; sourceTree = "<group>"; };
		79E2872D197D9FD100A122AD /* PNObjectAccessRightOptions.h */ = {isa = PBXFileReference; fileEncoding = 4; lastKnownFileType = sourcecode.c.h; path = PNObjectAccessRightOptions.h; sourceTree = "<group>"; };
		79E2872E197D9FD100A122AD /* PNObjectAccessRightOptions.m */ = {isa = PBXFileReference; fileEncoding = 4; lastKnownFileType = sourcecode.c.objc; path = PNObjectAccessRightOptions.m; sourceTree = "<group>"; };
		79E2872F197D9FD100A122AD /* PNObjectAccessRightsCollection+Protected.h */ = {isa = PBXFileReference; fileEncoding = 4; lastKnownFileType = sourcecode.c.h; path = "PNObjectAccessRightsCollection+Protected.h"; sourceTree = "<group>"; };
		79E28730197D9FD100A122AD /* PNObjectAccessRightsCollection.h */ = {isa = PBXFileReference; fileEncoding = 4; lastKnownFileType = sourcecode.c.h; path = PNObjectAccessRightsCollection.h; sourceTree = "<group>"; };
		79E28731197D9FD100A122AD /* PNObjectAccessRightsCollection.m */ = {isa = PBXFileReference; fileEncoding = 4; lastKnownFileType = sourcecode.c.objc; path = PNObjectAccessRightsCollection.m; sourceTree = "<group>"; };
		79E28732197D9FD100A122AD /* PNObjectAccessRightsInformation+Protected.h */ = {isa = PBXFileReference; fileEncoding = 4; lastKnownFileType = sourcecode.c.h; path = "PNObjectAccessRightsInformation+Protected.h"; sourceTree = "<group>"; };
		79E28733197D9FD100A122AD /* PNObjectAccessRightsInformation.h */ = {isa = PBXFileReference; fileEncoding = 4; lastKnownFileType = sourcecode.c.h; path = PNObjectAccessRightsInformation.h; sourceTree = "<group>"; };
		79E28734197D9FD100A122AD /* PNObjectAccessRightsInformation.m */ = {isa = PBXFileReference; fileEncoding = 4; lastKnownFileType = sourcecode.c.objc; path = PNObjectAccessRightsInformation.m; sourceTree = "<group>"; };
		79E28735197D9FD100A122AD /* PNObjectFetchInformation+Protected.h */ = {isa = PBXFileReference; fileEncoding = 4; lastKnownFileType = sourcecode.c.h; path = "PNObjectFetchInformation+Protected.h"; sourceTree = "<group>"; };
		79E28736197D9FD100A122AD /* PNObjectFetchInformation.h */ = {isa = PBXFileReference; fileEncoding = 4; lastKnownFileType = sourcecode.c.h; path = PNObjectFetchInformation.h; sourceTree = "<group>"; };
		79E28737197D9FD100A122AD /* PNObjectFetchInformation.m */ = {isa = PBXFileReference; fileEncoding = 4; lastKnownFileType = sourcecode.c.objc; path = PNObjectFetchInformation.m; sourceTree = "<group>"; };
		79E28738197D9FD100A122AD /* PNObjectModificationInformation+Protected.h */ = {isa = PBXFileReference; fileEncoding = 4; lastKnownFileType = sourcecode.c.h; path = "PNObjectModificationInformation+Protected.h"; sourceTree = "<group>"; };
		79E28739197D9FD100A122AD /* PNObjectModificationInformation.h */ = {isa = PBXFileReference; fileEncoding = 4; lastKnownFileType = sourcecode.c.h; path = PNObjectModificationInformation.h; sourceTree = "<group>"; };
		79E2873A197D9FD100A122AD /* PNObjectModificationInformation.m */ = {isa = PBXFileReference; fileEncoding = 4; lastKnownFileType = sourcecode.c.objc; path = PNObjectModificationInformation.m; sourceTree = "<group>"; };
		79E2873B197D9FD100A122AD /* PNObjectSynchronizationEvent+Protected.h */ = {isa = PBXFileReference; fileEncoding = 4; lastKnownFileType = sourcecode.c.h; path = "PNObjectSynchronizationEvent+Protected.h"; sourceTree = "<group>"; };
		79E2873C197D9FD100A122AD /* PNObjectSynchronizationEvent.h */ = {isa = PBXFileReference; fileEncoding = 4; lastKnownFileType = sourcecode.c.h; path = PNObjectSynchronizationEvent.h; sourceTree = "<group>"; };
		79E2873D197D9FD100A122AD /* PNObjectSynchronizationEvent.m */ = {isa = PBXFileReference; fileEncoding = 4; lastKnownFileType = sourcecode.c.objc; path = PNObjectSynchronizationEvent.m; sourceTree = "<group>"; };
		79E2873E197D9FD100A122AD /* PNOperationStatus+Protected.h */ = {isa = PBXFileReference; fileEncoding = 4; lastKnownFileType = sourcecode.c.h; path = "PNOperationStatus+Protected.h"; sourceTree = "<group>"; };
		79E2873F197D9FD100A122AD /* PNOperationStatus.h */ = {isa = PBXFileReference; fileEncoding = 4; lastKnownFileType = sourcecode.c.h; path = PNOperationStatus.h; sourceTree = "<group>"; };
		79E28740197D9FD100A122AD /* PNOperationStatus.m */ = {isa = PBXFileReference; fileEncoding = 4; lastKnownFileType = sourcecode.c.objc; path = PNOperationStatus.m; sourceTree = "<group>"; };
		79E28741197D9FD100A122AD /* PNRequestsQueue.h */ = {isa = PBXFileReference; fileEncoding = 4; lastKnownFileType = sourcecode.c.h; path = PNRequestsQueue.h; sourceTree = "<group>"; };
		79E28742197D9FD100A122AD /* PNRequestsQueue.m */ = {isa = PBXFileReference; fileEncoding = 4; lastKnownFileType = sourcecode.c.objc; path = PNRequestsQueue.m; sourceTree = "<group>"; };
		79E28743197D9FD100A122AD /* PNResponse+Protected.h */ = {isa = PBXFileReference; fileEncoding = 4; lastKnownFileType = sourcecode.c.h; path = "PNResponse+Protected.h"; sourceTree = "<group>"; };
		79E28744197D9FD100A122AD /* PNResponse.h */ = {isa = PBXFileReference; fileEncoding = 4; lastKnownFileType = sourcecode.c.h; path = PNResponse.h; sourceTree = "<group>"; };
		79E28745197D9FD100A122AD /* PNResponse.m */ = {isa = PBXFileReference; fileEncoding = 4; lastKnownFileType = sourcecode.c.objc; path = PNResponse.m; sourceTree = "<group>"; };
		79E28746197D9FD100A122AD /* PNWhereNow+Protected.h */ = {isa = PBXFileReference; fileEncoding = 4; lastKnownFileType = sourcecode.c.h; path = "PNWhereNow+Protected.h"; sourceTree = "<group>"; };
		79E28747197D9FD100A122AD /* PNWhereNow.h */ = {isa = PBXFileReference; fileEncoding = 4; lastKnownFileType = sourcecode.c.h; path = PNWhereNow.h; sourceTree = "<group>"; };
		79E28748197D9FD100A122AD /* PNWhereNow.m */ = {isa = PBXFileReference; fileEncoding = 4; lastKnownFileType = sourcecode.c.objc; path = PNWhereNow.m; sourceTree = "<group>"; };
		79E2874B197D9FD100A122AD /* NSArray+PNAdditions.h */ = {isa = PBXFileReference; fileEncoding = 4; lastKnownFileType = sourcecode.c.h; path = "NSArray+PNAdditions.h"; sourceTree = "<group>"; };
		79E2874C197D9FD100A122AD /* NSArray+PNAdditions.m */ = {isa = PBXFileReference; fileEncoding = 4; lastKnownFileType = sourcecode.c.objc; path = "NSArray+PNAdditions.m"; sourceTree = "<group>"; };
		79E2874D197D9FD100A122AD /* NSData+PNAdditions.h */ = {isa = PBXFileReference; fileEncoding = 4; lastKnownFileType = sourcecode.c.h; path = "NSData+PNAdditions.h"; sourceTree = "<group>"; };
		79E2874E197D9FD100A122AD /* NSData+PNAdditions.m */ = {isa = PBXFileReference; fileEncoding = 4; lastKnownFileType = sourcecode.c.objc; path = "NSData+PNAdditions.m"; sourceTree = "<group>"; };
		79E2874F197D9FD100A122AD /* NSDate+PNAdditions.h */ = {isa = PBXFileReference; fileEncoding = 4; lastKnownFileType = sourcecode.c.h; path = "NSDate+PNAdditions.h"; sourceTree = "<group>"; };
		79E28750197D9FD100A122AD /* NSDate+PNAdditions.m */ = {isa = PBXFileReference; fileEncoding = 4; lastKnownFileType = sourcecode.c.objc; path = "NSDate+PNAdditions.m"; sourceTree = "<group>"; };
		79E28751197D9FD100A122AD /* NSDictionary+PNAdditions.h */ = {isa = PBXFileReference; fileEncoding = 4; lastKnownFileType = sourcecode.c.h; path = "NSDictionary+PNAdditions.h"; sourceTree = "<group>"; };
		79E28752197D9FD100A122AD /* NSDictionary+PNAdditions.m */ = {isa = PBXFileReference; fileEncoding = 4; lastKnownFileType = sourcecode.c.objc; path = "NSDictionary+PNAdditions.m"; sourceTree = "<group>"; };
		79E28753197D9FD100A122AD /* NSInvocation+PNAdditions.h */ = {isa = PBXFileReference; fileEncoding = 4; lastKnownFileType = sourcecode.c.h; path = "NSInvocation+PNAdditions.h"; sourceTree = "<group>"; };
		79E28754197D9FD100A122AD /* NSInvocation+PNAdditions.m */ = {isa = PBXFileReference; fileEncoding = 4; lastKnownFileType = sourcecode.c.objc; path = "NSInvocation+PNAdditions.m"; sourceTree = "<group>"; };
		79E28755197D9FD100A122AD /* NSMutableArray+PNAdditions.h */ = {isa = PBXFileReference; fileEncoding = 4; lastKnownFileType = sourcecode.c.h; path = "NSMutableArray+PNAdditions.h"; sourceTree = "<group>"; };
		79E28756197D9FD100A122AD /* NSMutableArray+PNAdditions.m */ = {isa = PBXFileReference; fileEncoding = 4; lastKnownFileType = sourcecode.c.objc; path = "NSMutableArray+PNAdditions.m"; sourceTree = "<group>"; };
		79E28757197D9FD100A122AD /* NSMutableDictionary+PNAdditions.h */ = {isa = PBXFileReference; fileEncoding = 4; lastKnownFileType = sourcecode.c.h; path = "NSMutableDictionary+PNAdditions.h"; sourceTree = "<group>"; };
		79E28758197D9FD100A122AD /* NSMutableDictionary+PNAdditions.m */ = {isa = PBXFileReference; fileEncoding = 4; lastKnownFileType = sourcecode.c.objc; path = "NSMutableDictionary+PNAdditions.m"; sourceTree = "<group>"; };
		79E28759197D9FD100A122AD /* NSString+PNAddition.h */ = {isa = PBXFileReference; fileEncoding = 4; lastKnownFileType = sourcecode.c.h; path = "NSString+PNAddition.h"; sourceTree = "<group>"; };
		79E2875A197D9FD100A122AD /* NSString+PNAddition.m */ = {isa = PBXFileReference; fileEncoding = 4; lastKnownFileType = sourcecode.c.objc; path = "NSString+PNAddition.m"; sourceTree = "<group>"; };
		79E2875B197D9FD100A122AD /* UIApplication+PNAdditions.h */ = {isa = PBXFileReference; fileEncoding = 4; lastKnownFileType = sourcecode.c.h; path = "UIApplication+PNAdditions.h"; sourceTree = "<group>"; };
		79E2875C197D9FD100A122AD /* UIApplication+PNAdditions.m */ = {isa = PBXFileReference; fileEncoding = 4; lastKnownFileType = sourcecode.c.objc; path = "UIApplication+PNAdditions.m"; sourceTree = "<group>"; };
		79E2875D197D9FD100A122AD /* PNConstants.h */ = {isa = PBXFileReference; fileEncoding = 4; lastKnownFileType = sourcecode.c.h; path = PNConstants.h; sourceTree = "<group>"; };
		79E2875E197D9FD100A122AD /* PNDefaultConfiguration.h */ = {isa = PBXFileReference; fileEncoding = 4; lastKnownFileType = sourcecode.c.h; path = PNDefaultConfiguration.h; sourceTree = "<group>"; };
		79E2875F197D9FD100A122AD /* PNErrorCodes.h */ = {isa = PBXFileReference; fileEncoding = 4; lastKnownFileType = sourcecode.c.h; path = PNErrorCodes.h; sourceTree = "<group>"; };
		79E28760197D9FD100A122AD /* PNHelper.h */ = {isa = PBXFileReference; fileEncoding = 4; lastKnownFileType = sourcecode.c.h; path = PNHelper.h; sourceTree = "<group>"; };
		79E28761197D9FD100A122AD /* PNHelper.m */ = {isa = PBXFileReference; fileEncoding = 4; lastKnownFileType = sourcecode.c.objc; path = PNHelper.m; sourceTree = "<group>"; };
		79E28762197D9FD100A122AD /* PNImports.h */ = {isa = PBXFileReference; fileEncoding = 4; lastKnownFileType = sourcecode.c.h; path = PNImports.h; sourceTree = "<group>"; };
		79E28763197D9FD100A122AD /* PNLogger.h */ = {isa = PBXFileReference; fileEncoding = 4; lastKnownFileType = sourcecode.c.h; path = PNLogger.h; sourceTree = "<group>"; };
		79E28764197D9FD100A122AD /* PNLogger.m */ = {isa = PBXFileReference; fileEncoding = 4; lastKnownFileType = sourcecode.c.objc; path = PNLogger.m; sourceTree = "<group>"; };
		79E28765197D9FD100A122AD /* PNMacro.h */ = {isa = PBXFileReference; fileEncoding = 4; lastKnownFileType = sourcecode.c.h; path = PNMacro.h; sourceTree = "<group>"; };
		79E28766197D9FD100A122AD /* PNNotifications.h */ = {isa = PBXFileReference; fileEncoding = 4; lastKnownFileType = sourcecode.c.h; path = PNNotifications.h; sourceTree = "<group>"; };
		79E28767197D9FD100A122AD /* PNPrivateImports.h */ = {isa = PBXFileReference; fileEncoding = 4; lastKnownFileType = sourcecode.c.h; path = PNPrivateImports.h; sourceTree = "<group>"; };
		79E28768197D9FD100A122AD /* PNRequestsImport.h */ = {isa = PBXFileReference; fileEncoding = 4; lastKnownFileType = sourcecode.c.h; path = PNRequestsImport.h; sourceTree = "<group>"; };
		79E28769197D9FD100A122AD /* PNServiceResponseCallbacks.h */ = {isa = PBXFileReference; fileEncoding = 4; lastKnownFileType = sourcecode.c.h; path = PNServiceResponseCallbacks.h; sourceTree = "<group>"; };
		79E2876A197D9FD100A122AD /* PNStructures.h */ = {isa = PBXFileReference; fileEncoding = 4; lastKnownFileType = sourcecode.c.h; path = PNStructures.h; sourceTree = "<group>"; };
		79E2876C197D9FD100A122AD /* PNConnectionChannelDelegate.h */ = {isa = PBXFileReference; fileEncoding = 4; lastKnownFileType = sourcecode.c.h; path = PNConnectionChannelDelegate.h; sourceTree = "<group>"; };
		79E2876D197D9FD100A122AD /* PNConnectionDelegate.h */ = {isa = PBXFileReference; fileEncoding = 4; lastKnownFileType = sourcecode.c.h; path = PNConnectionDelegate.h; sourceTree = "<group>"; };
		79E2876E197D9FD100A122AD /* PNDelegate.h */ = {isa = PBXFileReference; fileEncoding = 4; lastKnownFileType = sourcecode.c.h; path = PNDelegate.h; sourceTree = "<group>"; };
		79E2876F197D9FD100A122AD /* PNMessageChannelDelegate.h */ = {isa = PBXFileReference; fileEncoding = 4; lastKnownFileType = sourcecode.c.h; path = PNMessageChannelDelegate.h; sourceTree = "<group>"; };
		79E28770197D9FD100A122AD /* PNRequestsQueueDelegate.h */ = {isa = PBXFileReference; fileEncoding = 4; lastKnownFileType = sourcecode.c.h; path = PNRequestsQueueDelegate.h; sourceTree = "<group>"; };
		79E28771197D9FD100A122AD /* PNResponseProtocol.h */ = {isa = PBXFileReference; fileEncoding = 4; lastKnownFileType = sourcecode.c.h; path = PNResponseProtocol.h; sourceTree = "<group>"; };
		79E28772197D9FD100A122AD /* PNServiceChannelDelegate.h */ = {isa = PBXFileReference; fileEncoding = 4; lastKnownFileType = sourcecode.c.h; path = PNServiceChannelDelegate.h; sourceTree = "<group>"; };
		79E28775197D9FD100A122AD /* PNAccessRightsAuditRequest.h */ = {isa = PBXFileReference; fileEncoding = 4; lastKnownFileType = sourcecode.c.h; path = PNAccessRightsAuditRequest.h; sourceTree = "<group>"; };
		79E28776197D9FD100A122AD /* PNAccessRightsAuditRequest.m */ = {isa = PBXFileReference; fileEncoding = 4; lastKnownFileType = sourcecode.c.objc; path = PNAccessRightsAuditRequest.m; sourceTree = "<group>"; };
		79E28777197D9FD100A122AD /* PNBaseRequest+Protected.h */ = {isa = PBXFileReference; fileEncoding = 4; lastKnownFileType = sourcecode.c.h; path = "PNBaseRequest+Protected.h"; sourceTree = "<group>"; };
		79E28778197D9FD100A122AD /* PNBaseRequest.h */ = {isa = PBXFileReference; fileEncoding = 4; lastKnownFileType = sourcecode.c.h; path = PNBaseRequest.h; sourceTree = "<group>"; };
		79E28779197D9FD100A122AD /* PNBaseRequest.m */ = {isa = PBXFileReference; fileEncoding = 4; lastKnownFileType = sourcecode.c.objc; path = PNBaseRequest.m; sourceTree = "<group>"; };
		79E2877A197D9FD100A122AD /* PNChangeAccessRightsRequest.h */ = {isa = PBXFileReference; fileEncoding = 4; lastKnownFileType = sourcecode.c.h; path = PNChangeAccessRightsRequest.h; sourceTree = "<group>"; };
		79E2877B197D9FD100A122AD /* PNChangeAccessRightsRequest.m */ = {isa = PBXFileReference; fileEncoding = 4; lastKnownFileType = sourcecode.c.objc; path = PNChangeAccessRightsRequest.m; sourceTree = "<group>"; };
		79E2877C197D9FD100A122AD /* PNClientStateRequest+Protected.h */ = {isa = PBXFileReference; fileEncoding = 4; lastKnownFileType = sourcecode.c.h; path = "PNClientStateRequest+Protected.h"; sourceTree = "<group>"; };
		79E2877D197D9FD100A122AD /* PNClientStateRequest.h */ = {isa = PBXFileReference; fileEncoding = 4; lastKnownFileType = sourcecode.c.h; path = PNClientStateRequest.h; sourceTree = "<group>"; };
		79E2877E197D9FD100A122AD /* PNClientStateRequest.m */ = {isa = PBXFileReference; fileEncoding = 4; lastKnownFileType = sourcecode.c.objc; path = PNClientStateRequest.m; sourceTree = "<group>"; };
		79E2877F197D9FD100A122AD /* PNClientStateUpdateRequest+Protected.h */ = {isa = PBXFileReference; fileEncoding = 4; lastKnownFileType = sourcecode.c.h; path = "PNClientStateUpdateRequest+Protected.h"; sourceTree = "<group>"; };
		79E28780197D9FD100A122AD /* PNClientStateUpdateRequest.h */ = {isa = PBXFileReference; fileEncoding = 4; lastKnownFileType = sourcecode.c.h; path = PNClientStateUpdateRequest.h; sourceTree = "<group>"; };
		79E28781197D9FD100A122AD /* PNClientStateUpdateRequest.m */ = {isa = PBXFileReference; fileEncoding = 4; lastKnownFileType = sourcecode.c.objc; path = PNClientStateUpdateRequest.m; sourceTree = "<group>"; };
		79E28782197D9FD100A122AD /* PNHeartbeatRequest.h */ = {isa = PBXFileReference; fileEncoding = 4; lastKnownFileType = sourcecode.c.h; path = PNHeartbeatRequest.h; sourceTree = "<group>"; };
		79E28783197D9FD100A122AD /* PNHeartbeatRequest.m */ = {isa = PBXFileReference; fileEncoding = 4; lastKnownFileType = sourcecode.c.objc; path = PNHeartbeatRequest.m; sourceTree = "<group>"; };
		79E28784197D9FD100A122AD /* PNHereNowRequest+Protected.h */ = {isa = PBXFileReference; fileEncoding = 4; lastKnownFileType = sourcecode.c.h; path = "PNHereNowRequest+Protected.h"; sourceTree = "<group>"; };
		79E28785197D9FD100A122AD /* PNHereNowRequest.h */ = {isa = PBXFileReference; fileEncoding = 4; lastKnownFileType = sourcecode.c.h; path = PNHereNowRequest.h; sourceTree = "<group>"; };
		79E28786197D9FD100A122AD /* PNHereNowRequest.m */ = {isa = PBXFileReference; fileEncoding = 4; lastKnownFileType = sourcecode.c.objc; path = PNHereNowRequest.m; sourceTree = "<group>"; };
		79E28787197D9FD100A122AD /* PNLatencyMeasureRequest.h */ = {isa = PBXFileReference; fileEncoding = 4; lastKnownFileType = sourcecode.c.h; path = PNLatencyMeasureRequest.h; sourceTree = "<group>"; };
		79E28788197D9FD100A122AD /* PNLatencyMeasureRequest.m */ = {isa = PBXFileReference; fileEncoding = 4; lastKnownFileType = sourcecode.c.objc; path = PNLatencyMeasureRequest.m; sourceTree = "<group>"; };
		79E28789197D9FD100A122AD /* PNLeaveRequest+Protected.h */ = {isa = PBXFileReference; fileEncoding = 4; lastKnownFileType = sourcecode.c.h; path = "PNLeaveRequest+Protected.h"; sourceTree = "<group>"; };
		79E2878A197D9FD100A122AD /* PNLeaveRequest.h */ = {isa = PBXFileReference; fileEncoding = 4; lastKnownFileType = sourcecode.c.h; path = PNLeaveRequest.h; sourceTree = "<group>"; };
		79E2878B197D9FD100A122AD /* PNLeaveRequest.m */ = {isa = PBXFileReference; fileEncoding = 4; lastKnownFileType = sourcecode.c.objc; path = PNLeaveRequest.m; sourceTree = "<group>"; };
		79E2878C197D9FD100A122AD /* PNMessageHistoryRequest+Protected.h */ = {isa = PBXFileReference; fileEncoding = 4; lastKnownFileType = sourcecode.c.h; path = "PNMessageHistoryRequest+Protected.h"; sourceTree = "<group>"; };
		79E2878D197D9FD100A122AD /* PNMessageHistoryRequest.h */ = {isa = PBXFileReference; fileEncoding = 4; lastKnownFileType = sourcecode.c.h; path = PNMessageHistoryRequest.h; sourceTree = "<group>"; };
		79E2878E197D9FD100A122AD /* PNMessageHistoryRequest.m */ = {isa = PBXFileReference; fileEncoding = 4; lastKnownFileType = sourcecode.c.objc; path = PNMessageHistoryRequest.m; sourceTree = "<group>"; };
		79E2878F197D9FD100A122AD /* PNMessagePostRequest+Protected.h */ = {isa = PBXFileReference; fileEncoding = 4; lastKnownFileType = sourcecode.c.h; path = "PNMessagePostRequest+Protected.h"; sourceTree = "<group>"; };
		79E28790197D9FD100A122AD /* PNMessagePostRequest.h */ = {isa = PBXFileReference; fileEncoding = 4; lastKnownFileType = sourcecode.c.h; path = PNMessagePostRequest.h; sourceTree = "<group>"; };
		79E28791197D9FD100A122AD /* PNMessagePostRequest.m */ = {isa = PBXFileReference; fileEncoding = 4; lastKnownFileType = sourcecode.c.objc; path = PNMessagePostRequest.m; sourceTree = "<group>"; };
		79E28792197D9FD100A122AD /* PNObjectFetchRequest+Protected.h */ = {isa = PBXFileReference; fileEncoding = 4; lastKnownFileType = sourcecode.c.h; path = "PNObjectFetchRequest+Protected.h"; sourceTree = "<group>"; };
		79E28793197D9FD100A122AD /* PNObjectFetchRequest.h */ = {isa = PBXFileReference; fileEncoding = 4; lastKnownFileType = sourcecode.c.h; path = PNObjectFetchRequest.h; sourceTree = "<group>"; };
		79E28794197D9FD100A122AD /* PNObjectFetchRequest.m */ = {isa = PBXFileReference; fileEncoding = 4; lastKnownFileType = sourcecode.c.objc; path = PNObjectFetchRequest.m; sourceTree = "<group>"; };
		79E28795197D9FD100A122AD /* PNObjectModificationRequest+Protected.h */ = {isa = PBXFileReference; fileEncoding = 4; lastKnownFileType = sourcecode.c.h; path = "PNObjectModificationRequest+Protected.h"; sourceTree = "<group>"; };
		79E28796197D9FD100A122AD /* PNObjectModificationRequest.h */ = {isa = PBXFileReference; fileEncoding = 4; lastKnownFileType = sourcecode.c.h; path = PNObjectModificationRequest.h; sourceTree = "<group>"; };
		79E28797197D9FD100A122AD /* PNObjectModificationRequest.m */ = {isa = PBXFileReference; fileEncoding = 4; lastKnownFileType = sourcecode.c.objc; path = PNObjectModificationRequest.m; sourceTree = "<group>"; };
		79E28798197D9FD100A122AD /* PNPushNotificationsEnabledChannelsRequest.h */ = {isa = PBXFileReference; fileEncoding = 4; lastKnownFileType = sourcecode.c.h; path = PNPushNotificationsEnabledChannelsRequest.h; sourceTree = "<group>"; };
		79E28799197D9FD100A122AD /* PNPushNotificationsEnabledChannelsRequest.m */ = {isa = PBXFileReference; fileEncoding = 4; lastKnownFileType = sourcecode.c.objc; path = PNPushNotificationsEnabledChannelsRequest.m; sourceTree = "<group>"; };
		79E2879A197D9FD100A122AD /* PNPushNotificationsRemoveRequest.h */ = {isa = PBXFileReference; fileEncoding = 4; lastKnownFileType = sourcecode.c.h; path = PNPushNotificationsRemoveRequest.h; sourceTree = "<group>"; };
		79E2879B197D9FD100A122AD /* PNPushNotificationsRemoveRequest.m */ = {isa = PBXFileReference; fileEncoding = 4; lastKnownFileType = sourcecode.c.objc; path = PNPushNotificationsRemoveRequest.m; sourceTree = "<group>"; };
		79E2879C197D9FD100A122AD /* PNPushNotificationsStateChangeRequest.h */ = {isa = PBXFileReference; fileEncoding = 4; lastKnownFileType = sourcecode.c.h; path = PNPushNotificationsStateChangeRequest.h; sourceTree = "<group>"; };
		79E2879D197D9FD100A122AD /* PNPushNotificationsStateChangeRequest.m */ = {isa = PBXFileReference; fileEncoding = 4; lastKnownFileType = sourcecode.c.objc; path = PNPushNotificationsStateChangeRequest.m; sourceTree = "<group>"; };
		79E2879E197D9FD100A122AD /* PNSubscribeRequest+Protected.h */ = {isa = PBXFileReference; fileEncoding = 4; lastKnownFileType = sourcecode.c.h; path = "PNSubscribeRequest+Protected.h"; sourceTree = "<group>"; };
		79E2879F197D9FD100A122AD /* PNSubscribeRequest.h */ = {isa = PBXFileReference; fileEncoding = 4; lastKnownFileType = sourcecode.c.h; path = PNSubscribeRequest.h; sourceTree = "<group>"; };
		79E287A0197D9FD100A122AD /* PNSubscribeRequest.m */ = {isa = PBXFileReference; fileEncoding = 4; lastKnownFileType = sourcecode.c.objc; path = PNSubscribeRequest.m; sourceTree = "<group>"; };
		79E287A1197D9FD200A122AD /* PNTimeTokenRequest.h */ = {isa = PBXFileReference; fileEncoding = 4; lastKnownFileType = sourcecode.c.h; path = PNTimeTokenRequest.h; sourceTree = "<group>"; };
		79E287A2197D9FD200A122AD /* PNTimeTokenRequest.m */ = {isa = PBXFileReference; fileEncoding = 4; lastKnownFileType = sourcecode.c.objc; path = PNTimeTokenRequest.m; sourceTree = "<group>"; };
		79E287A3197D9FD200A122AD /* PNWhereNowRequest.h */ = {isa = PBXFileReference; fileEncoding = 4; lastKnownFileType = sourcecode.c.h; path = PNWhereNowRequest.h; sourceTree = "<group>"; };
		79E287A4197D9FD200A122AD /* PNWhereNowRequest.m */ = {isa = PBXFileReference; fileEncoding = 4; lastKnownFileType = sourcecode.c.objc; path = PNWhereNowRequest.m; sourceTree = "<group>"; };
		79E287A5197D9FD200A122AD /* PNMessagingChannel.h */ = {isa = PBXFileReference; fileEncoding = 4; lastKnownFileType = sourcecode.c.h; path = PNMessagingChannel.h; sourceTree = "<group>"; };
		79E287A6197D9FD200A122AD /* PNMessagingChannel.m */ = {isa = PBXFileReference; fileEncoding = 4; lastKnownFileType = sourcecode.c.objc; path = PNMessagingChannel.m; sourceTree = "<group>"; };
		79E287A7197D9FD200A122AD /* PNNetworkHelper.h */ = {isa = PBXFileReference; fileEncoding = 4; lastKnownFileType = sourcecode.c.h; path = PNNetworkHelper.h; sourceTree = "<group>"; };
		79E287A8197D9FD200A122AD /* PNNetworkHelper.m */ = {isa = PBXFileReference; fileEncoding = 4; lastKnownFileType = sourcecode.c.objc; path = PNNetworkHelper.m; sourceTree = "<group>"; };
		79E287A9197D9FD200A122AD /* PNReachability.h */ = {isa = PBXFileReference; fileEncoding = 4; lastKnownFileType = sourcecode.c.h; path = PNReachability.h; sourceTree = "<group>"; };
		79E287AA197D9FD200A122AD /* PNReachability.m */ = {isa = PBXFileReference; fileEncoding = 4; lastKnownFileType = sourcecode.c.objc; path = PNReachability.m; sourceTree = "<group>"; };
		79E287AB197D9FD200A122AD /* PNServiceChannel.h */ = {isa = PBXFileReference; fileEncoding = 4; lastKnownFileType = sourcecode.c.h; path = PNServiceChannel.h; sourceTree = "<group>"; };
		79E287AC197D9FD200A122AD /* PNServiceChannel.m */ = {isa = PBXFileReference; fileEncoding = 4; lastKnownFileType = sourcecode.c.objc; path = PNServiceChannel.m; sourceTree = "<group>"; };
		79E287AE197D9FD200A122AD /* PNConnection+Protected.h */ = {isa = PBXFileReference; fileEncoding = 4; lastKnownFileType = sourcecode.c.h; path = "PNConnection+Protected.h"; sourceTree = "<group>"; };
		79E287AF197D9FD200A122AD /* PNConnection.h */ = {isa = PBXFileReference; fileEncoding = 4; lastKnownFileType = sourcecode.c.h; path = PNConnection.h; sourceTree = "<group>"; };
		79E287B0197D9FD200A122AD /* PNConnection.m */ = {isa = PBXFileReference; fileEncoding = 4; lastKnownFileType = sourcecode.c.objc; path = PNConnection.m; sourceTree = "<group>"; };
		79E287B1197D9FD200A122AD /* PNConnectionChannel+Protected.h */ = {isa = PBXFileReference; fileEncoding = 4; lastKnownFileType = sourcecode.c.h; path = "PNConnectionChannel+Protected.h"; sourceTree = "<group>"; };
		79E287B2197D9FD200A122AD /* PNConnectionChannel.h */ = {isa = PBXFileReference; fileEncoding = 4; lastKnownFileType = sourcecode.c.h; path = PNConnectionChannel.h; sourceTree = "<group>"; };
		79E287B3197D9FD200A122AD /* PNConnectionChannel.m */ = {isa = PBXFileReference; fileEncoding = 4; lastKnownFileType = sourcecode.c.objc; path = PNConnectionChannel.m; sourceTree = "<group>"; };
/* End PBXFileReference section */

/* Begin PBXFrameworksBuildPhase section */
		797D096017253898007A9D9A /* Frameworks */ = {
			isa = PBXFrameworksBuildPhase;
			buildActionMask = 2147483647;
			files = (
				797D0A5F1725426E007A9D9A /* SystemConfiguration.framework in Frameworks */,
				7935AE7717CD81FA0040632B /* CoreWLAN.framework in Frameworks */,
				797D096717253898007A9D9A /* Cocoa.framework in Frameworks */,
				797D0A611725428D007A9D9A /* libz.1.2.5.dylib in Frameworks */,
			);
			runOnlyForDeploymentPostprocessing = 0;
		};
/* End PBXFrameworksBuildPhase section */

/* Begin PBXGroup section */
		797D095A17253898007A9D9A = {
			isa = PBXGroup;
			children = (
				797D096C17253898007A9D9A /* PubNubMacOSTestApplication */,
				797D096517253898007A9D9A /* Frameworks */,
				797D096417253898007A9D9A /* Products */,
			);
			sourceTree = "<group>";
		};
		797D096417253898007A9D9A /* Products */ = {
			isa = PBXGroup;
			children = (
				797D096317253898007A9D9A /* PubNubMacOSTestApplication.app */,
			);
			name = Products;
			sourceTree = "<group>";
		};
		797D096517253898007A9D9A /* Frameworks */ = {
			isa = PBXGroup;
			children = (
				797D0A5E1725426D007A9D9A /* SystemConfiguration.framework */,
				7935AE7617CD81FA0040632B /* CoreWLAN.framework */,
				797D096617253898007A9D9A /* Cocoa.framework */,
				797D0A601725428D007A9D9A /* libz.1.2.5.dylib */,
				797D096817253898007A9D9A /* Other Frameworks */,
			);
			name = Frameworks;
			sourceTree = "<group>";
		};
		797D096817253898007A9D9A /* Other Frameworks */ = {
			isa = PBXGroup;
			children = (
				797D096917253898007A9D9A /* AppKit.framework */,
				797D096A17253898007A9D9A /* CoreData.framework */,
				797D096B17253898007A9D9A /* Foundation.framework */,
			);
			name = "Other Frameworks";
			sourceTree = "<group>";
		};
		797D096C17253898007A9D9A /* PubNubMacOSTestApplication */ = {
			isa = PBXGroup;
			children = (
				A78CD55D176952A80045758F /* libs */,
				797D098317253960007A9D9A /* Classes */,
				797D0A1C17253961007A9D9A /* Resources */,
				797D096D17253898007A9D9A /* Supporting Files */,
			);
			path = PubNubMacOSTestApplication;
			sourceTree = "<group>";
		};
		797D096D17253898007A9D9A /* Supporting Files */ = {
			isa = PBXGroup;
			children = (
				797D097217253898007A9D9A /* main.m */,
				797D097417253898007A9D9A /* PubNubMacOSTestApplication-Prefix.pch */,
			);
			name = "Supporting Files";
			sourceTree = "<group>";
		};
		797D098317253960007A9D9A /* Classes */ = {
			isa = PBXGroup;
			children = (
				797D098417253960007A9D9A /* Controller */,
				797D098717253960007A9D9A /* Misc */,
				797D098A17253960007A9D9A /* Model */,
				797D098B17253960007A9D9A /* View */,
			);
			path = Classes;
			sourceTree = "<group>";
		};
		797D098417253960007A9D9A /* Controller */ = {
			isa = PBXGroup;
			children = (
				797D098517253960007A9D9A /* TAAppDelegate.h */,
				797D098617253960007A9D9A /* TAAppDelegate.m */,
			);
			path = Controller;
			sourceTree = "<group>";
		};
		797D098717253960007A9D9A /* Misc */ = {
			isa = PBXGroup;
			children = (
				797D098817253960007A9D9A /* Categories */,
				797D098917253960007A9D9A /* Protocols */,
			);
			path = Misc;
			sourceTree = "<group>";
		};
		797D098817253960007A9D9A /* Categories */ = {
			isa = PBXGroup;
			children = (
			);
			path = Categories;
			sourceTree = "<group>";
		};
		797D098917253960007A9D9A /* Protocols */ = {
			isa = PBXGroup;
			children = (
			);
			path = Protocols;
			sourceTree = "<group>";
		};
		797D098A17253960007A9D9A /* Model */ = {
			isa = PBXGroup;
			children = (
			);
			path = Model;
			sourceTree = "<group>";
		};
		797D098B17253960007A9D9A /* View */ = {
			isa = PBXGroup;
			children = (
			);
			path = View;
			sourceTree = "<group>";
		};
		797D0A1C17253961007A9D9A /* Resources */ = {
			isa = PBXGroup;
			children = (
				797D0A1D17253961007A9D9A /* General */,
				797D0A2117253961007A9D9A /* XIB */,
			);
			path = Resources;
			sourceTree = "<group>";
		};
		797D0A1D17253961007A9D9A /* General */ = {
			isa = PBXGroup;
			children = (
				797D0A5D17253989007A9D9A /* Credits.rtf */,
				797D0A5A1725397A007A9D9A /* InfoPlist.strings */,
				797D0A2017253961007A9D9A /* PubNubMacOSTestApplication-Info.plist */,
			);
			path = General;
			sourceTree = "<group>";
		};
		797D0A2117253961007A9D9A /* XIB */ = {
			isa = PBXGroup;
			children = (
				797D0A621725431B007A9D9A /* TAMainMenu.xib */,
			);
			path = XIB;
			sourceTree = "<group>";
		};
		79E286C0197D9FD100A122AD /* PubNub */ = {
			isa = PBXGroup;
			children = (
				79E286C1197D9FD100A122AD /* Core */,
				79E286C8197D9FD100A122AD /* Data */,
				79E28749197D9FD100A122AD /* Misc */,
				79E28773197D9FD100A122AD /* Network */,
			);
			path = PubNub;
			sourceTree = "<group>";
		};
		79E286C1197D9FD100A122AD /* Core */ = {
			isa = PBXGroup;
			children = (
				79E286C2197D9FD100A122AD /* PNObservationCenter+Protected.h */,
				79E286C3197D9FD100A122AD /* PNObservationCenter.h */,
				79E286C4197D9FD100A122AD /* PNObservationCenter.m */,
				79E286C5197D9FD100A122AD /* PubNub+Protected.h */,
				79E286C6197D9FD100A122AD /* PubNub.h */,
				79E286C7197D9FD100A122AD /* PubNub.m */,
			);
			path = Core;
			sourceTree = "<group>";
		};
		79E286C8197D9FD100A122AD /* Data */ = {
			isa = PBXGroup;
			children = (
				79E286C9197D9FD100A122AD /* Buffers */,
				79E286CC197D9FD100A122AD /* Channels */,
				79E286DB197D9FD100A122AD /* Crypto */,
				79E286DE197D9FD100A122AD /* Parsers */,
				79E28705197D9FD100A122AD /* PNAccessRightOptions+Protected.h */,
				79E28706197D9FD100A122AD /* PNAccessRightOptions.h */,
				79E28707197D9FD100A122AD /* PNAccessRightOptions.m */,
				79E28708197D9FD100A122AD /* PNAccessRightsCollection+Protected.h */,
				79E28709197D9FD100A122AD /* PNAccessRightsCollection.h */,
				79E2870A197D9FD100A122AD /* PNAccessRightsCollection.m */,
				79E2870B197D9FD100A122AD /* PNAccessRightsInformation+Protected.h */,
				79E2870C197D9FD100A122AD /* PNAccessRightsInformation.h */,
				79E2870D197D9FD100A122AD /* PNAccessRightsInformation.m */,
				79E2870E197D9FD100A122AD /* PNCache.h */,
				79E2870F197D9FD100A122AD /* PNCache.m */,
				79E28710197D9FD100A122AD /* PNChannelEvents+Protected.h */,
				79E28711197D9FD100A122AD /* PNChannelEvents.h */,
				79E28712197D9FD100A122AD /* PNChannelEvents.m */,
				79E28713197D9FD100A122AD /* PNClient+Protected.h */,
				79E28714197D9FD100A122AD /* PNClient.h */,
				79E28715197D9FD100A122AD /* PNClient.m */,
				79E28716197D9FD100A122AD /* PNConfiguration+Protected.h */,
				79E28717197D9FD100A122AD /* PNConfiguration.h */,
				79E28718197D9FD100A122AD /* PNConfiguration.m */,
				79E28719197D9FD100A122AD /* PNDate.h */,
				79E2871A197D9FD100A122AD /* PNDate.m */,
				79E2871B197D9FD100A122AD /* PNError+Protected.h */,
				79E2871C197D9FD100A122AD /* PNError.h */,
				79E2871D197D9FD100A122AD /* PNError.m */,
				79E2871E197D9FD100A122AD /* PNHereNow+Protected.h */,
				79E2871F197D9FD100A122AD /* PNHereNow.h */,
				79E28720197D9FD100A122AD /* PNHereNow.m */,
				79E28721197D9FD100A122AD /* PNJSONSerialization.h */,
				79E28722197D9FD100A122AD /* PNJSONSerialization.m */,
				79E28723197D9FD100A122AD /* PNMessage+Protected.h */,
				79E28724197D9FD100A122AD /* PNMessage.h */,
				79E28725197D9FD100A122AD /* PNMessage.m */,
				79E28726197D9FD100A122AD /* PNMessagesHistory+Protected.h */,
				79E28727197D9FD100A122AD /* PNMessagesHistory.h */,
				79E28728197D9FD100A122AD /* PNMessagesHistory.m */,
				79E28729197D9FD100A122AD /* PNObject+Protected.h */,
				79E2872A197D9FD100A122AD /* PNObject.h */,
				79E2872B197D9FD100A122AD /* PNObject.m */,
				79E2872C197D9FD100A122AD /* PNObjectAccessRightOptions+Protected.h */,
				79E2872D197D9FD100A122AD /* PNObjectAccessRightOptions.h */,
				79E2872E197D9FD100A122AD /* PNObjectAccessRightOptions.m */,
				79E2872F197D9FD100A122AD /* PNObjectAccessRightsCollection+Protected.h */,
				79E28730197D9FD100A122AD /* PNObjectAccessRightsCollection.h */,
				79E28731197D9FD100A122AD /* PNObjectAccessRightsCollection.m */,
				79E28732197D9FD100A122AD /* PNObjectAccessRightsInformation+Protected.h */,
				79E28733197D9FD100A122AD /* PNObjectAccessRightsInformation.h */,
				79E28734197D9FD100A122AD /* PNObjectAccessRightsInformation.m */,
				79E28735197D9FD100A122AD /* PNObjectFetchInformation+Protected.h */,
				79E28736197D9FD100A122AD /* PNObjectFetchInformation.h */,
				79E28737197D9FD100A122AD /* PNObjectFetchInformation.m */,
				79E28738197D9FD100A122AD /* PNObjectModificationInformation+Protected.h */,
				79E28739197D9FD100A122AD /* PNObjectModificationInformation.h */,
				79E2873A197D9FD100A122AD /* PNObjectModificationInformation.m */,
				79E2873B197D9FD100A122AD /* PNObjectSynchronizationEvent+Protected.h */,
				79E2873C197D9FD100A122AD /* PNObjectSynchronizationEvent.h */,
				79E2873D197D9FD100A122AD /* PNObjectSynchronizationEvent.m */,
				79E2873E197D9FD100A122AD /* PNOperationStatus+Protected.h */,
				79E2873F197D9FD100A122AD /* PNOperationStatus.h */,
				79E28740197D9FD100A122AD /* PNOperationStatus.m */,
				79E28741197D9FD100A122AD /* PNRequestsQueue.h */,
				79E28742197D9FD100A122AD /* PNRequestsQueue.m */,
				79E28743197D9FD100A122AD /* PNResponse+Protected.h */,
				79E28744197D9FD100A122AD /* PNResponse.h */,
				79E28745197D9FD100A122AD /* PNResponse.m */,
				79E28746197D9FD100A122AD /* PNWhereNow+Protected.h */,
				79E28747197D9FD100A122AD /* PNWhereNow.h */,
				79E28748197D9FD100A122AD /* PNWhereNow.m */,
			);
			path = Data;
			sourceTree = "<group>";
		};
		79E286C9197D9FD100A122AD /* Buffers */ = {
			isa = PBXGroup;
			children = (
				79E286CA197D9FD100A122AD /* PNWriteBuffer.h */,
				79E286CB197D9FD100A122AD /* PNWriteBuffer.m */,
			);
			path = Buffers;
			sourceTree = "<group>";
		};
		79E286CC197D9FD100A122AD /* Channels */ = {
			isa = PBXGroup;
			children = (
				79E286CD197D9FD100A122AD /* Data Synchronization */,
				79E286D1197D9FD100A122AD /* PNChannel+Protected.h */,
				79E286D2197D9FD100A122AD /* PNChannel.h */,
				79E286D3197D9FD100A122AD /* PNChannel.m */,
				79E286D4197D9FD100A122AD /* Presence */,
			);
			path = Channels;
			sourceTree = "<group>";
		};
		79E286CD197D9FD100A122AD /* Data Synchronization */ = {
			isa = PBXGroup;
			children = (
				79E286CE197D9FD100A122AD /* PNSynchronizationChannel+Protected.h */,
				79E286CF197D9FD100A122AD /* PNSynchronizationChannel.h */,
				79E286D0197D9FD100A122AD /* PNSynchronizationChannel.m */,
			);
			path = "Data Synchronization";
			sourceTree = "<group>";
		};
		79E286D4197D9FD100A122AD /* Presence */ = {
			isa = PBXGroup;
			children = (
				79E286D5197D9FD100A122AD /* PNChannelPresence+Protected.h */,
				79E286D6197D9FD100A122AD /* PNChannelPresence.h */,
				79E286D7197D9FD100A122AD /* PNChannelPresence.m */,
				79E286D8197D9FD100A122AD /* PNPresenceEvent+Protected.h */,
				79E286D9197D9FD100A122AD /* PNPresenceEvent.h */,
				79E286DA197D9FD100A122AD /* PNPresenceEvent.m */,
			);
			path = Presence;
			sourceTree = "<group>";
		};
		79E286DB197D9FD100A122AD /* Crypto */ = {
			isa = PBXGroup;
			children = (
				79E286DC197D9FD100A122AD /* PNCryptoHelper.h */,
				79E286DD197D9FD100A122AD /* PNCryptoHelper.m */,
			);
			path = Crypto;
			sourceTree = "<group>";
		};
		79E286DE197D9FD100A122AD /* Parsers */ = {
			isa = PBXGroup;
			children = (
				79E286DF197D9FD100A122AD /* PNAccessRightsResponseParser+Protected.h */,
				79E286E0197D9FD100A122AD /* PNAccessRightsResponseParser.h */,
				79E286E1197D9FD100A122AD /* PNAccessRightsResponseParser.m */,
				79E286E2197D9FD100A122AD /* PNActionResponseParser+Protected.h */,
				79E286E3197D9FD100A122AD /* PNActionResponseParser.h */,
				79E286E4197D9FD100A122AD /* PNActionResponseParser.m */,
				79E286E5197D9FD100A122AD /* PNChannelEventsResponseParser.h */,
				79E286E6197D9FD100A122AD /* PNChannelEventsResponseParser.m */,
				79E286E7197D9FD100A122AD /* PNChannelHistoryParser+Protected.h */,
				79E286E8197D9FD100A122AD /* PNChannelHistoryParser.h */,
				79E286E9197D9FD100A122AD /* PNChannelHistoryParser.m */,
				79E286EA197D9FD100A122AD /* PNClientStateResponseParser.h */,
				79E286EB197D9FD100A122AD /* PNClientStateResponseParser.m */,
				79E286EC197D9FD100A122AD /* PNClientStateUpdateResponseParser.h */,
				79E286ED197D9FD100A122AD /* PNClientStateUpdateResponseParser.m */,
				79E286EE197D9FD100A122AD /* PNErrorResponseParser+Protected.h */,
				79E286EF197D9FD100A122AD /* PNErrorResponseParser.h */,
				79E286F0197D9FD100A122AD /* PNErrorResponseParser.m */,
				79E286F1197D9FD100A122AD /* PNHereNowResponseParser+Protected.h */,
				79E286F2197D9FD100A122AD /* PNHereNowResponseParser.h */,
				79E286F3197D9FD100A122AD /* PNHereNowResponseParser.m */,
				79E286F4197D9FD100A122AD /* PNObjectFetchResponseParser.h */,
				79E286F5197D9FD100A122AD /* PNObjectFetchResponseParser.m */,
				79E286F6197D9FD100A122AD /* PNObjectModificationParser.h */,
				79E286F7197D9FD100A122AD /* PNObjectModificationParser.m */,
				79E286F8197D9FD100A122AD /* PNOperationStatusResponseParser.h */,
				79E286F9197D9FD100A122AD /* PNOperationStatusResponseParser.m */,
				79E286FA197D9FD100A122AD /* PNPushNotificationsEnabledChannelsParser.h */,
				79E286FB197D9FD100A122AD /* PNPushNotificationsEnabledChannelsParser.m */,
				79E286FC197D9FD100A122AD /* PNResponseDeserialize.h */,
				79E286FD197D9FD100A122AD /* PNResponseDeserialize.m */,
				79E286FE197D9FD100A122AD /* PNResponseParser.h */,
				79E286FF197D9FD100A122AD /* PNResponseParser.m */,
				79E28700197D9FD100A122AD /* PNTimeTokenResponseParser.h */,
				79E28701197D9FD100A122AD /* PNTimeTokenResponseParser.m */,
				79E28702197D9FD100A122AD /* PNWhereNowResponseParser+Protected.h */,
				79E28703197D9FD100A122AD /* PNWhereNowResponseParser.h */,
				79E28704197D9FD100A122AD /* PNWhereNowResponseParser.m */,
			);
			path = Parsers;
			sourceTree = "<group>";
		};
		79E28749197D9FD100A122AD /* Misc */ = {
			isa = PBXGroup;
			children = (
				79E2874A197D9FD100A122AD /* Categories */,
				79E2875D197D9FD100A122AD /* PNConstants.h */,
				79E2875E197D9FD100A122AD /* PNDefaultConfiguration.h */,
				79E2875F197D9FD100A122AD /* PNErrorCodes.h */,
				79E28760197D9FD100A122AD /* PNHelper.h */,
				79E28761197D9FD100A122AD /* PNHelper.m */,
				79E28762197D9FD100A122AD /* PNImports.h */,
				79E28763197D9FD100A122AD /* PNLogger.h */,
				79E28764197D9FD100A122AD /* PNLogger.m */,
				79E28765197D9FD100A122AD /* PNMacro.h */,
				79E28766197D9FD100A122AD /* PNNotifications.h */,
				79E28767197D9FD100A122AD /* PNPrivateImports.h */,
				79E28768197D9FD100A122AD /* PNRequestsImport.h */,
				79E28769197D9FD100A122AD /* PNServiceResponseCallbacks.h */,
				79E2876A197D9FD100A122AD /* PNStructures.h */,
				79E2876B197D9FD100A122AD /* Protocols */,
			);
			path = Misc;
			sourceTree = "<group>";
		};
		79E2874A197D9FD100A122AD /* Categories */ = {
			isa = PBXGroup;
			children = (
				79E2874B197D9FD100A122AD /* NSArray+PNAdditions.h */,
				79E2874C197D9FD100A122AD /* NSArray+PNAdditions.m */,
				79E2874D197D9FD100A122AD /* NSData+PNAdditions.h */,
				79E2874E197D9FD100A122AD /* NSData+PNAdditions.m */,
				79E2874F197D9FD100A122AD /* NSDate+PNAdditions.h */,
				79E28750197D9FD100A122AD /* NSDate+PNAdditions.m */,
				79E28751197D9FD100A122AD /* NSDictionary+PNAdditions.h */,
				79E28752197D9FD100A122AD /* NSDictionary+PNAdditions.m */,
				79E28753197D9FD100A122AD /* NSInvocation+PNAdditions.h */,
				79E28754197D9FD100A122AD /* NSInvocation+PNAdditions.m */,
				79E28755197D9FD100A122AD /* NSMutableArray+PNAdditions.h */,
				79E28756197D9FD100A122AD /* NSMutableArray+PNAdditions.m */,
				79E28757197D9FD100A122AD /* NSMutableDictionary+PNAdditions.h */,
				79E28758197D9FD100A122AD /* NSMutableDictionary+PNAdditions.m */,
				79E28759197D9FD100A122AD /* NSString+PNAddition.h */,
				79E2875A197D9FD100A122AD /* NSString+PNAddition.m */,
				79E2875B197D9FD100A122AD /* UIApplication+PNAdditions.h */,
				79E2875C197D9FD100A122AD /* UIApplication+PNAdditions.m */,
			);
			path = Categories;
			sourceTree = "<group>";
		};
		79E2876B197D9FD100A122AD /* Protocols */ = {
			isa = PBXGroup;
			children = (
				79E2876C197D9FD100A122AD /* PNConnectionChannelDelegate.h */,
				79E2876D197D9FD100A122AD /* PNConnectionDelegate.h */,
				79E2876E197D9FD100A122AD /* PNDelegate.h */,
				79E2876F197D9FD100A122AD /* PNMessageChannelDelegate.h */,
				79E28770197D9FD100A122AD /* PNRequestsQueueDelegate.h */,
				79E28771197D9FD100A122AD /* PNResponseProtocol.h */,
				79E28772197D9FD100A122AD /* PNServiceChannelDelegate.h */,
			);
			path = Protocols;
			sourceTree = "<group>";
		};
		79E28773197D9FD100A122AD /* Network */ = {
			isa = PBXGroup;
			children = (
				79E28774197D9FD100A122AD /* Packets */,
				79E287A5197D9FD200A122AD /* PNMessagingChannel.h */,
				79E287A6197D9FD200A122AD /* PNMessagingChannel.m */,
				79E287A7197D9FD200A122AD /* PNNetworkHelper.h */,
				79E287A8197D9FD200A122AD /* PNNetworkHelper.m */,
				79E287A9197D9FD200A122AD /* PNReachability.h */,
				79E287AA197D9FD200A122AD /* PNReachability.m */,
				79E287AB197D9FD200A122AD /* PNServiceChannel.h */,
				79E287AC197D9FD200A122AD /* PNServiceChannel.m */,
				79E287AD197D9FD200A122AD /* Transport */,
			);
			path = Network;
			sourceTree = "<group>";
		};
		79E28774197D9FD100A122AD /* Packets */ = {
			isa = PBXGroup;
			children = (
				79E28775197D9FD100A122AD /* PNAccessRightsAuditRequest.h */,
				79E28776197D9FD100A122AD /* PNAccessRightsAuditRequest.m */,
				79E28777197D9FD100A122AD /* PNBaseRequest+Protected.h */,
				79E28778197D9FD100A122AD /* PNBaseRequest.h */,
				79E28779197D9FD100A122AD /* PNBaseRequest.m */,
				79E2877A197D9FD100A122AD /* PNChangeAccessRightsRequest.h */,
				79E2877B197D9FD100A122AD /* PNChangeAccessRightsRequest.m */,
				79E2877C197D9FD100A122AD /* PNClientStateRequest+Protected.h */,
				79E2877D197D9FD100A122AD /* PNClientStateRequest.h */,
				79E2877E197D9FD100A122AD /* PNClientStateRequest.m */,
				79E2877F197D9FD100A122AD /* PNClientStateUpdateRequest+Protected.h */,
				79E28780197D9FD100A122AD /* PNClientStateUpdateRequest.h */,
				79E28781197D9FD100A122AD /* PNClientStateUpdateRequest.m */,
				79E28782197D9FD100A122AD /* PNHeartbeatRequest.h */,
				79E28783197D9FD100A122AD /* PNHeartbeatRequest.m */,
				79E28784197D9FD100A122AD /* PNHereNowRequest+Protected.h */,
				79E28785197D9FD100A122AD /* PNHereNowRequest.h */,
				79E28786197D9FD100A122AD /* PNHereNowRequest.m */,
				79E28787197D9FD100A122AD /* PNLatencyMeasureRequest.h */,
				79E28788197D9FD100A122AD /* PNLatencyMeasureRequest.m */,
				79E28789197D9FD100A122AD /* PNLeaveRequest+Protected.h */,
				79E2878A197D9FD100A122AD /* PNLeaveRequest.h */,
				79E2878B197D9FD100A122AD /* PNLeaveRequest.m */,
				79E2878C197D9FD100A122AD /* PNMessageHistoryRequest+Protected.h */,
				79E2878D197D9FD100A122AD /* PNMessageHistoryRequest.h */,
				79E2878E197D9FD100A122AD /* PNMessageHistoryRequest.m */,
				79E2878F197D9FD100A122AD /* PNMessagePostRequest+Protected.h */,
				79E28790197D9FD100A122AD /* PNMessagePostRequest.h */,
				79E28791197D9FD100A122AD /* PNMessagePostRequest.m */,
				79E28792197D9FD100A122AD /* PNObjectFetchRequest+Protected.h */,
				79E28793197D9FD100A122AD /* PNObjectFetchRequest.h */,
				79E28794197D9FD100A122AD /* PNObjectFetchRequest.m */,
				79E28795197D9FD100A122AD /* PNObjectModificationRequest+Protected.h */,
				79E28796197D9FD100A122AD /* PNObjectModificationRequest.h */,
				79E28797197D9FD100A122AD /* PNObjectModificationRequest.m */,
				79E28798197D9FD100A122AD /* PNPushNotificationsEnabledChannelsRequest.h */,
				79E28799197D9FD100A122AD /* PNPushNotificationsEnabledChannelsRequest.m */,
				79E2879A197D9FD100A122AD /* PNPushNotificationsRemoveRequest.h */,
				79E2879B197D9FD100A122AD /* PNPushNotificationsRemoveRequest.m */,
				79E2879C197D9FD100A122AD /* PNPushNotificationsStateChangeRequest.h */,
				79E2879D197D9FD100A122AD /* PNPushNotificationsStateChangeRequest.m */,
				79E2879E197D9FD100A122AD /* PNSubscribeRequest+Protected.h */,
				79E2879F197D9FD100A122AD /* PNSubscribeRequest.h */,
				79E287A0197D9FD100A122AD /* PNSubscribeRequest.m */,
				79E287A1197D9FD200A122AD /* PNTimeTokenRequest.h */,
				79E287A2197D9FD200A122AD /* PNTimeTokenRequest.m */,
				79E287A3197D9FD200A122AD /* PNWhereNowRequest.h */,
				79E287A4197D9FD200A122AD /* PNWhereNowRequest.m */,
			);
			path = Packets;
			sourceTree = "<group>";
		};
		79E287AD197D9FD200A122AD /* Transport */ = {
			isa = PBXGroup;
			children = (
				79E287AE197D9FD200A122AD /* PNConnection+Protected.h */,
				79E287AF197D9FD200A122AD /* PNConnection.h */,
				79E287B0197D9FD200A122AD /* PNConnection.m */,
				79E287B1197D9FD200A122AD /* PNConnectionChannel+Protected.h */,
				79E287B2197D9FD200A122AD /* PNConnectionChannel.h */,
				79E287B3197D9FD200A122AD /* PNConnectionChannel.m */,
			);
			path = Transport;
			sourceTree = "<group>";
		};
		A78CD55D176952A80045758F /* libs */ = {
			isa = PBXGroup;
			children = (
				79E286C0197D9FD100A122AD /* PubNub */,
			);
			path = libs;
			sourceTree = "<group>";
		};
/* End PBXGroup section */

/* Begin PBXNativeTarget section */
		797D096217253898007A9D9A /* PubNubMacOSTestApplication */ = {
			isa = PBXNativeTarget;
			buildConfigurationList = 797D098017253899007A9D9A /* Build configuration list for PBXNativeTarget "PubNubMacOSTestApplication" */;
			buildPhases = (
				797D095F17253898007A9D9A /* Sources */,
				797D096017253898007A9D9A /* Frameworks */,
				797D096117253898007A9D9A /* Resources */,
			);
			buildRules = (
			);
			dependencies = (
			);
			name = PubNubMacOSTestApplication;
			productName = PubNubMacOSTestApplication;
			productReference = 797D096317253898007A9D9A /* PubNubMacOSTestApplication.app */;
			productType = "com.apple.product-type.application";
		};
/* End PBXNativeTarget section */

/* Begin PBXProject section */
		797D095B17253898007A9D9A /* Project object */ = {
			isa = PBXProject;
			attributes = {
				CLASSPREFIX = TA;
				LastUpgradeCheck = 0460;
				ORGANIZATIONNAME = "Sergey Mamontov";
			};
			buildConfigurationList = 797D095E17253898007A9D9A /* Build configuration list for PBXProject "PubNubMacOSTestApplication" */;
			compatibilityVersion = "Xcode 3.2";
			developmentRegion = English;
			hasScannedForEncodings = 0;
			knownRegions = (
				en,
			);
			mainGroup = 797D095A17253898007A9D9A;
			productRefGroup = 797D096417253898007A9D9A /* Products */;
			projectDirPath = "";
			projectRoot = "";
			targets = (
				797D096217253898007A9D9A /* PubNubMacOSTestApplication */,
			);
		};
/* End PBXProject section */

/* Begin PBXResourcesBuildPhase section */
		797D096117253898007A9D9A /* Resources */ = {
			isa = PBXResourcesBuildPhase;
			buildActionMask = 2147483647;
			files = (
				797D0A5B17253989007A9D9A /* Credits.rtf in Resources */,
				797D0A581725397A007A9D9A /* InfoPlist.strings in Resources */,
				797D0A631725431B007A9D9A /* TAMainMenu.xib in Resources */,
			);
			runOnlyForDeploymentPostprocessing = 0;
		};
/* End PBXResourcesBuildPhase section */

/* Begin PBXSourcesBuildPhase section */
		797D095F17253898007A9D9A /* Sources */ = {
			isa = PBXSourcesBuildPhase;
			buildActionMask = 2147483647;
			files = (
				79E287D6197D9FD200A122AD /* PNJSONSerialization.m in Sources */,
				79E287F6197D9FD200A122AD /* PNLatencyMeasureRequest.m in Sources */,
				79E287CB197D9FD200A122AD /* PNWhereNowResponseParser.m in Sources */,
				79E287DD197D9FD200A122AD /* PNObjectFetchInformation.m in Sources */,
				79E28801197D9FD200A122AD /* PNWhereNowRequest.m in Sources */,
				79E287CA197D9FD200A122AD /* PNTimeTokenResponseParser.m in Sources */,
				79E287D4197D9FD200A122AD /* PNError.m in Sources */,
				79E287DE197D9FD200A122AD /* PNObjectModificationInformation.m in Sources */,
				79E287E7197D9FD200A122AD /* NSDictionary+PNAdditions.m in Sources */,
				79E287F3197D9FD200A122AD /* PNClientStateUpdateRequest.m in Sources */,
				79E287ED197D9FD200A122AD /* PNHelper.m in Sources */,
				79E287F1197D9FD200A122AD /* PNChangeAccessRightsRequest.m in Sources */,
				79E287F9197D9FD200A122AD /* PNMessagePostRequest.m in Sources */,
				79E287D1197D9FD200A122AD /* PNClient.m in Sources */,
				79E287F4197D9FD200A122AD /* PNHeartbeatRequest.m in Sources */,
				79E287CD197D9FD200A122AD /* PNAccessRightsCollection.m in Sources */,
				79E287EB197D9FD200A122AD /* NSString+PNAddition.m in Sources */,
				79E287FA197D9FD200A122AD /* PNObjectFetchRequest.m in Sources */,
				79E287D2197D9FD200A122AD /* PNConfiguration.m in Sources */,
				79E287C8197D9FD200A122AD /* PNResponseDeserialize.m in Sources */,
				79E287FC197D9FD200A122AD /* PNPushNotificationsEnabledChannelsRequest.m in Sources */,
				79E28804197D9FD200A122AD /* PNReachability.m in Sources */,
				79E287F2197D9FD200A122AD /* PNClientStateRequest.m in Sources */,
				79E287DA197D9FD200A122AD /* PNObjectAccessRightOptions.m in Sources */,
				79E287E1197D9FD200A122AD /* PNRequestsQueue.m in Sources */,
				79E287B6197D9FD200A122AD /* PNWriteBuffer.m in Sources */,
				79E287FE197D9FD200A122AD /* PNPushNotificationsStateChangeRequest.m in Sources */,
				79E28803197D9FD200A122AD /* PNNetworkHelper.m in Sources */,
				79E287D5197D9FD200A122AD /* PNHereNow.m in Sources */,
				79E287C6197D9FD200A122AD /* PNOperationStatusResponseParser.m in Sources */,
				79E287BF197D9FD200A122AD /* PNChannelHistoryParser.m in Sources */,
				79E287F0197D9FD200A122AD /* PNBaseRequest.m in Sources */,
				79E287F5197D9FD200A122AD /* PNHereNowRequest.m in Sources */,
				79E287C7197D9FD200A122AD /* PNPushNotificationsEnabledChannelsParser.m in Sources */,
				79E287DF197D9FD200A122AD /* PNObjectSynchronizationEvent.m in Sources */,
				797D097317253898007A9D9A /* main.m in Sources */,
				79E287C1197D9FD200A122AD /* PNClientStateUpdateResponseParser.m in Sources */,
				79E287F8197D9FD200A122AD /* PNMessageHistoryRequest.m in Sources */,
				79E287B9197D9FD200A122AD /* PNChannelPresence.m in Sources */,
				79E287E0197D9FD200A122AD /* PNOperationStatus.m in Sources */,
				79E287B4197D9FD200A122AD /* PNObservationCenter.m in Sources */,
				79E287CC197D9FD200A122AD /* PNAccessRightOptions.m in Sources */,
				79E28806197D9FD200A122AD /* PNConnection.m in Sources */,
				797D0A2317253961007A9D9A /* TAAppDelegate.m in Sources */,
				79E287C2197D9FD200A122AD /* PNErrorResponseParser.m in Sources */,
				79E287E3197D9FD200A122AD /* PNWhereNow.m in Sources */,
				79E287FF197D9FD200A122AD /* PNSubscribeRequest.m in Sources */,
				79E287EE197D9FD200A122AD /* PNLogger.m in Sources */,
				79E287E6197D9FD200A122AD /* NSDate+PNAdditions.m in Sources */,
				79E287EC197D9FD200A122AD /* UIApplication+PNAdditions.m in Sources */,
				79E287BA197D9FD200A122AD /* PNPresenceEvent.m in Sources */,
				79E287C4197D9FD200A122AD /* PNObjectFetchResponseParser.m in Sources */,
				79E287B7197D9FD200A122AD /* PNSynchronizationChannel.m in Sources */,
				79E28807197D9FD200A122AD /* PNConnectionChannel.m in Sources */,
				79E287C5197D9FD200A122AD /* PNObjectModificationParser.m in Sources */,
				79E287FD197D9FD200A122AD /* PNPushNotificationsRemoveRequest.m in Sources */,
				79E287D3197D9FD200A122AD /* PNDate.m in Sources */,
				79E287E8197D9FD200A122AD /* NSInvocation+PNAdditions.m in Sources */,
				79E287D0197D9FD200A122AD /* PNChannelEvents.m in Sources */,
				79E287D9197D9FD200A122AD /* PNObject.m in Sources */,
				79E287E2197D9FD200A122AD /* PNResponse.m in Sources */,
				79E287C9197D9FD200A122AD /* PNResponseParser.m in Sources */,
				79E287BE197D9FD200A122AD /* PNChannelEventsResponseParser.m in Sources */,
				79E287EA197D9FD200A122AD /* NSMutableDictionary+PNAdditions.m in Sources */,
				79E287BD197D9FD200A122AD /* PNActionResponseParser.m in Sources */,
				79E287EF197D9FD200A122AD /* PNAccessRightsAuditRequest.m in Sources */,
				79E287E9197D9FD200A122AD /* NSMutableArray+PNAdditions.m in Sources */,
				79E287B5197D9FD200A122AD /* PubNub.m in Sources */,
				79E287E4197D9FD200A122AD /* NSArray+PNAdditions.m in Sources */,
				79E287F7197D9FD200A122AD /* PNLeaveRequest.m in Sources */,
				79E287DB197D9FD200A122AD /* PNObjectAccessRightsCollection.m in Sources */,
				79E28805197D9FD200A122AD /* PNServiceChannel.m in Sources */,
				79E28802197D9FD200A122AD /* PNMessagingChannel.m in Sources */,
				79E287BB197D9FD200A122AD /* PNCryptoHelper.m in Sources */,
				79E287E5197D9FD200A122AD /* NSData+PNAdditions.m in Sources */,
				79E287BC197D9FD200A122AD /* PNAccessRightsResponseParser.m in Sources */,
				79E287C0197D9FD200A122AD /* PNClientStateResponseParser.m in Sources */,
				79E28800197D9FD200A122AD /* PNTimeTokenRequest.m in Sources */,
				79E287D7197D9FD200A122AD /* PNMessage.m in Sources */,
				79E287C3197D9FD200A122AD /* PNHereNowResponseParser.m in Sources */,
				79E287FB197D9FD200A122AD /* PNObjectModificationRequest.m in Sources */,
				79E287B8197D9FD200A122AD /* PNChannel.m in Sources */,
				79E287D8197D9FD200A122AD /* PNMessagesHistory.m in Sources */,
				79E287CF197D9FD200A122AD /* PNCache.m in Sources */,
				79E287DC197D9FD200A122AD /* PNObjectAccessRightsInformation.m in Sources */,
				79E287CE197D9FD200A122AD /* PNAccessRightsInformation.m in Sources */,
			);
			runOnlyForDeploymentPostprocessing = 0;
		};
/* End PBXSourcesBuildPhase section */

/* Begin PBXVariantGroup section */
		797D0A5A1725397A007A9D9A /* InfoPlist.strings */ = {
			isa = PBXVariantGroup;
			children = (
				797D0A591725397A007A9D9A /* en */,
			);
			name = InfoPlist.strings;
			sourceTree = "<group>";
		};
		797D0A5D17253989007A9D9A /* Credits.rtf */ = {
			isa = PBXVariantGroup;
			children = (
				797D0A5C17253989007A9D9A /* en */,
			);
			name = Credits.rtf;
			sourceTree = "<group>";
		};
/* End PBXVariantGroup section */

/* Begin XCBuildConfiguration section */
		797D097E17253899007A9D9A /* Debug */ = {
			isa = XCBuildConfiguration;
			buildSettings = {
				ALWAYS_SEARCH_USER_PATHS = NO;
				ARCHS = "$(ARCHS_STANDARD_64_BIT)";
				CLANG_CXX_LANGUAGE_STANDARD = "gnu++0x";
				CLANG_CXX_LIBRARY = "libc++";
				CLANG_ENABLE_OBJC_ARC = YES;
				CLANG_WARN_CONSTANT_CONVERSION = YES;
				CLANG_WARN_EMPTY_BODY = YES;
				CLANG_WARN_ENUM_CONVERSION = YES;
				CLANG_WARN_INT_CONVERSION = YES;
				CLANG_WARN__DUPLICATE_METHOD_MATCH = YES;
				COPY_PHASE_STRIP = NO;
				GCC_C_LANGUAGE_STANDARD = gnu99;
				GCC_DYNAMIC_NO_PIC = NO;
				GCC_ENABLE_OBJC_EXCEPTIONS = YES;
				GCC_OPTIMIZATION_LEVEL = 0;
				GCC_PREPROCESSOR_DEFINITIONS = (
					"DEBUG=1",
					"$(inherited)",
				);
				GCC_SYMBOLS_PRIVATE_EXTERN = NO;
				GCC_WARN_64_TO_32_BIT_CONVERSION = YES;
				GCC_WARN_ABOUT_RETURN_TYPE = YES;
				GCC_WARN_UNINITIALIZED_AUTOS = YES;
				GCC_WARN_UNUSED_VARIABLE = YES;
				MACOSX_DEPLOYMENT_TARGET = 10.8;
				ONLY_ACTIVE_ARCH = YES;
				SDKROOT = macosx;
			};
			name = Debug;
		};
		797D097F17253899007A9D9A /* Release */ = {
			isa = XCBuildConfiguration;
			buildSettings = {
				ALWAYS_SEARCH_USER_PATHS = NO;
				ARCHS = "$(ARCHS_STANDARD_64_BIT)";
				CLANG_CXX_LANGUAGE_STANDARD = "gnu++0x";
				CLANG_CXX_LIBRARY = "libc++";
				CLANG_ENABLE_OBJC_ARC = YES;
				CLANG_WARN_CONSTANT_CONVERSION = YES;
				CLANG_WARN_EMPTY_BODY = YES;
				CLANG_WARN_ENUM_CONVERSION = YES;
				CLANG_WARN_INT_CONVERSION = YES;
				CLANG_WARN__DUPLICATE_METHOD_MATCH = YES;
				COPY_PHASE_STRIP = YES;
				DEBUG_INFORMATION_FORMAT = "dwarf-with-dsym";
				GCC_C_LANGUAGE_STANDARD = gnu99;
				GCC_ENABLE_OBJC_EXCEPTIONS = YES;
				GCC_WARN_64_TO_32_BIT_CONVERSION = YES;
				GCC_WARN_ABOUT_RETURN_TYPE = YES;
				GCC_WARN_UNINITIALIZED_AUTOS = YES;
				GCC_WARN_UNUSED_VARIABLE = YES;
				MACOSX_DEPLOYMENT_TARGET = 10.8;
				SDKROOT = macosx;
			};
			name = Release;
		};
		797D098117253899007A9D9A /* Debug */ = {
			isa = XCBuildConfiguration;
			buildSettings = {
				COMBINE_HIDPI_IMAGES = YES;
				GCC_PRECOMPILE_PREFIX_HEADER = YES;
				GCC_PREFIX_HEADER = "PubNubMacOSTestApplication/PubNubMacOSTestApplication-Prefix.pch";
				INFOPLIST_FILE = "$(SRCROOT)/PubNubMacOSTestApplication/Resources/General/PubNubMacOSTestApplication-Info.plist";
				MACOSX_DEPLOYMENT_TARGET = 10.7;
				PRODUCT_NAME = "$(TARGET_NAME)";
				SDKROOT = macosx;
				WRAPPER_EXTENSION = app;
			};
			name = Debug;
		};
		797D098217253899007A9D9A /* Release */ = {
			isa = XCBuildConfiguration;
			buildSettings = {
				COMBINE_HIDPI_IMAGES = YES;
				GCC_PRECOMPILE_PREFIX_HEADER = YES;
				GCC_PREFIX_HEADER = "PubNubMacOSTestApplication/PubNubMacOSTestApplication-Prefix.pch";
				INFOPLIST_FILE = "$(SRCROOT)/PubNubMacOSTestApplication/Resources/General/PubNubMacOSTestApplication-Info.plist";
				MACOSX_DEPLOYMENT_TARGET = 10.7;
				PRODUCT_NAME = "$(TARGET_NAME)";
				SDKROOT = macosx;
				WRAPPER_EXTENSION = app;
			};
			name = Release;
		};
/* End XCBuildConfiguration section */

/* Begin XCConfigurationList section */
		797D095E17253898007A9D9A /* Build configuration list for PBXProject "PubNubMacOSTestApplication" */ = {
			isa = XCConfigurationList;
			buildConfigurations = (
				797D097E17253899007A9D9A /* Debug */,
				797D097F17253899007A9D9A /* Release */,
			);
			defaultConfigurationIsVisible = 0;
			defaultConfigurationName = Release;
		};
		797D098017253899007A9D9A /* Build configuration list for PBXNativeTarget "PubNubMacOSTestApplication" */ = {
			isa = XCConfigurationList;
			buildConfigurations = (
				797D098117253899007A9D9A /* Debug */,
				797D098217253899007A9D9A /* Release */,
			);
			defaultConfigurationIsVisible = 0;
			defaultConfigurationName = Release;
		};
/* End XCConfigurationList section */
	};
	rootObject = 797D095B17253898007A9D9A /* Project object */;
}
